
Microsoft Visual Studio Solution File, Format Version 12.00
# Visual Studio 2013
VisualStudioVersion = 12.0.20827.3
MinimumVisualStudioVersion = 10.0.40219.1
Project("{8BC9CEB8-8B4A-11D0-8D11-00A0C91BC942}") = "SpaceSim", "SpaceSim\SpaceSim.vcxproj", "{27E7AA35-5A00-4F7F-8FDD-4D928FD36519}"
EndProject
Global
	GlobalSection(SolutionConfigurationPlatforms) = preSolution
		Debug|Win32 = Debug|Win32
		Debug|x64 = Debug|x64
		Release|Win32 = Release|Win32
		Release|x64 = Release|x64
	EndGlobalSection
	GlobalSection(ProjectConfigurationPlatforms) = postSolution
		{27E7AA35-5A00-4F7F-8FDD-4D928FD36519}.Debug|Win32.ActiveCfg = Debug|Win32
		{27E7AA35-5A00-4F7F-8FDD-4D928FD36519}.Debug|Win32.Build.0 = Debug|Win32
		{27E7AA35-5A00-4F7F-8FDD-4D928FD36519}.Debug|x64.ActiveCfg = Debug|x64
		{27E7AA35-5A00-4F7F-8FDD-4D928FD36519}.Debug|x64.Build.0 = Debug|x64
		{27E7AA35-5A00-4F7F-8FDD-4D928FD36519}.Release|Win32.ActiveCfg = Release|Win32
		{27E7AA35-5A00-4F7F-8FDD-4D928FD36519}.Release|Win32.Build.0 = Release|Win32
		{27E7AA35-5A00-4F7F-8FDD-4D928FD36519}.Release|x64.ActiveCfg = Release|x64
		{27E7AA35-5A00-4F7F-8FDD-4D928FD36519}.Release|x64.Build.0 = Release|x64
	EndGlobalSection
	GlobalSection(SolutionProperties) = preSolution
		HideSolutionNode = FALSE
	EndGlobalSection
EndGlobal
