<?xml version="1.0" encoding="utf-8"?>
<Project ToolsVersion="4.0" xmlns="http://schemas.microsoft.com/developer/msbuild/2003">
  <ItemGroup>
    <Filter Include="Source Files">
      <UniqueIdentifier>{4FC737F1-C7A5-4376-A066-2A32D752A2FF}</UniqueIdentifier>
      <Extensions>cpp;c;cc;cxx;def;odl;idl;hpj;bat;asm;asmx</Extensions>
    </Filter>
    <Filter Include="Header Files">
      <UniqueIdentifier>{93995380-89BD-4b04-88EB-625FBE52EBFB}</UniqueIdentifier>
      <Extensions>h;hh;hpp;hxx;hm;inl;inc;xsd</Extensions>
    </Filter>
    <Filter Include="Resource Files">
      <UniqueIdentifier>{67DA6AB6-F800-4c08-8B7A-83BB121AAD01}</UniqueIdentifier>
      <Extensions>rc;ico;cur;bmp;dlg;rc2;rct;bin;rgs;gif;jpg;jpeg;jpe;resx;tiff;tif;png;wav</Extensions>
    </Filter>
  </ItemGroup>
  <ItemGroup>
    <ClCompile Include="gameengine\bbox.cpp">
      <Filter>Source Files</Filter>
    </ClCompile>
    <ClCompile Include="gameengine\color.cpp">
      <Filter>Source Files</Filter>
    </ClCompile>
    <ClCompile Include="gameengine\light.cpp">
      <Filter>Source Files</Filter>
    </ClCompile>
    <ClCompile Include="gameengine\MapLoader.cpp">
      <Filter>Source Files</Filter>
    </ClCompile>
    <ClCompile Include="gameengine\material.cpp">
      <Filter>Source Files</Filter>
    </ClCompile>
    <ClCompile Include="gameengine\modelmanager.cpp">
      <Filter>Source Files</Filter>
    </ClCompile>
    <ClCompile Include="gameengine\particle.cpp">
      <Filter>Source Files</Filter>
    </ClCompile>
    <ClCompile Include="gameengine\particleemitter.cpp">
      <Filter>Source Files</Filter>
    </ClCompile>
    <ClCompile Include="gameengine\particlesystemmanager.cpp">
      <Filter>Source Files</Filter>
    </ClCompile>
    <ClCompile Include="gameengine\player.cpp">
      <Filter>Source Files</Filter>
    </ClCompile>
    <ClCompile Include="gameengine\scorchmark.cpp">
      <Filter>Source Files</Filter>
    </ClCompile>
    <ClCompile Include="gameengine\settingsparser.cpp">
      <Filter>Source Files</Filter>
    </ClCompile>
    <ClCompile Include="gameengine\shadermanager.cpp">
      <Filter>Source Files</Filter>
    </ClCompile>
    <ClCompile Include="gameengine\texture.cpp">
      <Filter>Source Files</Filter>
    </ClCompile>
    <ClCompile Include="gameengine\texturemanager.cpp">
      <Filter>Source Files</Filter>
    </ClCompile>
    <ClCompile Include="matrixandvectormath\matrix33.cpp">
      <Filter>Source Files</Filter>
    </ClCompile>
    <ClCompile Include="matrixandvectormath\matrix44.cpp">
      <Filter>Source Files</Filter>
    </ClCompile>
    <ClCompile Include="matrixandvectormath\matrixmath.cpp">
      <Filter>Source Files</Filter>
    </ClCompile>
    <ClCompile Include="matrixandvectormath\vector2.cpp">
      <Filter>Source Files</Filter>
    </ClCompile>
    <ClCompile Include="matrixandvectormath\vector3.cpp">
      <Filter>Source Files</Filter>
    </ClCompile>
    <ClCompile Include="matrixandvectormath\vector4.cpp">
      <Filter>Source Files</Filter>
    </ClCompile>
    <ClCompile Include="shapes\box.cpp">
      <Filter>Source Files</Filter>
    </ClCompile>
    <ClCompile Include="shapes\core.cpp">
      <Filter>Source Files</Filter>
    </ClCompile>
    <ClCompile Include="shapes\door.cpp">
      <Filter>Source Files</Filter>
    </ClCompile>
    <ClCompile Include="shapes\face.cpp">
      <Filter>Source Files</Filter>
    </ClCompile>
    <ClCompile Include="shapes\forcefield.cpp">
      <Filter>Source Files</Filter>
    </ClCompile>
    <ClCompile Include="shapes\gunturret.cpp">
      <Filter>Source Files</Filter>
    </ClCompile>
    <ClCompile Include="shapes\laser.cpp">
      <Filter>Source Files</Filter>
    </ClCompile>
    <ClCompile Include="shapes\mesh.cpp">
      <Filter>Source Files</Filter>
    </ClCompile>
    <ClCompile Include="shapes\plane.cpp">
      <Filter>Source Files</Filter>
    </ClCompile>
    <ClCompile Include="shapes\rotatingblades.cpp">
      <Filter>Source Files</Filter>
    </ClCompile>
    <ClCompile Include="shapes\square.cpp">
      <Filter>Source Files</Filter>
    </ClCompile>
    <ClCompile Include="shapes\switch.cpp">
      <Filter>Source Files</Filter>
    </ClCompile>
    <ClCompile Include="spacesim\AssimpModelLoader.cpp">
      <Filter>Source Files</Filter>
    </ClCompile>
    <ClCompile Include="spacesim\BaseApplication.cpp">
      <Filter>Source Files</Filter>
    </ClCompile>
    <ClCompile Include="spacesim\Camera.cpp">
      <Filter>Source Files</Filter>
    </ClCompile>
    <ClCompile Include="spacesim\CameraManager.cpp">
      <Filter>Source Files</Filter>
    </ClCompile>
    <ClCompile Include="spacesim\controller.cpp">
      <Filter>Source Files</Filter>
    </ClCompile>
    <ClCompile Include="spacesim\CubeMapRenderer.cpp">
      <Filter>Source Files</Filter>
    </ClCompile>
    <ClCompile Include="spacesim\DebugBox.cpp">
      <Filter>Source Files</Filter>
    </ClCompile>
    <ClCompile Include="spacesim\DeviceManager.cpp">
      <Filter>Source Files</Filter>
    </ClCompile>
    <ClCompile Include="spacesim\displaywindow.cpp">
      <Filter>Source Files</Filter>
    </ClCompile>
    <ClCompile Include="spacesim\DLExampleApplication.cpp">
      <Filter>Source Files</Filter>
    </ClCompile>
    <ClCompile Include="spacesim\Effect.cpp">
      <Filter>Source Files</Filter>
    </ClCompile>
    <ClCompile Include="spacesim\EffectCache.cpp">
      <Filter>Source Files</Filter>
    </ClCompile>
    <ClCompile Include="spacesim\EntityManager.cpp">
      <Filter>Source Files</Filter>
    </ClCompile>
    <ClCompile Include="spacesim\Frustum.cpp">
      <Filter>Source Files</Filter>
    </ClCompile>
    <ClCompile Include="spacesim\GameObject.cpp">
      <Filter>Source Files</Filter>
    </ClCompile>
    <ClCompile Include="spacesim\GameObjectManager.cpp">
      <Filter>Source Files</Filter>
    </ClCompile>
    <ClCompile Include="spacesim\GameResource.cpp">
      <Filter>Source Files</Filter>
    </ClCompile>
    <ClCompile Include="spacesim\GameWindow.cpp">
      <Filter>Source Files</Filter>
    </ClCompile>
    <ClCompile Include="spacesim\GeometryCache.cpp">
      <Filter>Source Files</Filter>
    </ClCompile>
    <ClCompile Include="spacesim\IController.cpp">
      <Filter>Source Files</Filter>
    </ClCompile>
    <ClCompile Include="spacesim\IndexBuffer.cpp">
      <Filter>Source Files</Filter>
    </ClCompile>
    <ClCompile Include="spacesim\InfinitySphere.cpp">
      <Filter>Source Files</Filter>
    </ClCompile>
    <ClCompile Include="spacesim\Input.cpp">
      <Filter>Source Files</Filter>
    </ClCompile>
    <ClCompile Include="spacesim\InputState.cpp">
      <Filter>Source Files</Filter>
    </ClCompile>
    <ClCompile Include="spacesim\InputSystem.cpp">
      <Filter>Source Files</Filter>
    </ClCompile>
    <ClCompile Include="spacesim\keyboard.cpp">
      <Filter>Source Files</Filter>
    </ClCompile>
    <ClCompile Include="spacesim\KeyboardController.cpp">
      <Filter>Source Files</Filter>
    </ClCompile>
    <ClCompile Include="spacesim\LaserManager.cpp">
      <Filter>Source Files</Filter>
    </ClCompile>
    <ClCompile Include="spacesim\LightManager.cpp">
      <Filter>Source Files</Filter>
    </ClCompile>
    <ClCompile Include="spacesim\main.cpp">
      <Filter>Source Files</Filter>
    </ClCompile>
    <ClCompile Include="spacesim\MeshGroup.cpp">
      <Filter>Source Files</Filter>
    </ClCompile>
    <ClCompile Include="spacesim\Messages.cpp">
      <Filter>Source Files</Filter>
    </ClCompile>
    <ClCompile Include="spacesim\ModelLoader.cpp">
      <Filter>Source Files</Filter>
    </ClCompile>
    <ClCompile Include="spacesim\MouseControlDefines.cpp">
      <Filter>Source Files</Filter>
    </ClCompile>
    <ClCompile Include="spacesim\MouseController.cpp">
      <Filter>Source Files</Filter>
    </ClCompile>
    <ClCompile Include="spacesim\OrientationAxis.cpp">
      <Filter>Source Files</Filter>
    </ClCompile>
    <ClCompile Include="spacesim\Paths.cpp">
      <Filter>Source Files</Filter>
    </ClCompile>
    <ClCompile Include="spacesim\playbackcontroller.cpp">
      <Filter>Source Files</Filter>
    </ClCompile>
    <ClCompile Include="spacesim\Renderable.cpp">
      <Filter>Source Files</Filter>
    </ClCompile>
    <ClCompile Include="spacesim\RenderInstance.cpp">
      <Filter>Source Files</Filter>
    </ClCompile>
    <ClCompile Include="spacesim\RenderSystem.cpp">
      <Filter>Source Files</Filter>
    </ClCompile>
    <ClCompile Include="spacesim\Resourceable.cpp">
      <Filter>Source Files</Filter>
    </ClCompile>
    <ClCompile Include="spacesim\RKIntegrator.cpp">
      <Filter>Source Files</Filter>
    </ClCompile>
    <ClCompile Include="spacesim\Settings.cpp">
      <Filter>Source Files</Filter>
    </ClCompile>
    <ClCompile Include="spacesim\SettingsManager.cpp">
      <Filter>Source Files</Filter>
    </ClCompile>
    <ClCompile Include="spacesim\SettingsParser.cpp">
      <Filter>Source Files</Filter>
    </ClCompile>
    <ClCompile Include="spacesim\ShaderCache.cpp">
      <Filter>Source Files</Filter>
    </ClCompile>
    <ClCompile Include="spacesim\ShaderPack.cpp">
      <Filter>Source Files</Filter>
    </ClCompile>
    <ClCompile Include="spacesim\Shaders.cpp">
      <Filter>Source Files</Filter>
    </ClCompile>
    <ClCompile Include="spacesim\StringHelperFunctions.cpp">
      <Filter>Source Files</Filter>
    </ClCompile>
    <ClCompile Include="spacesim\TextSystem.cpp">
      <Filter>Source Files</Filter>
    </ClCompile>
    <ClCompile Include="spacesim\Thread.cpp">
      <Filter>Source Files</Filter>
    </ClCompile>
    <ClCompile Include="spacesim\Timer.cpp">
      <Filter>Source Files</Filter>
    </ClCompile>
    <ClCompile Include="spacesim\tinyxml2.cpp">
      <Filter>Source Files</Filter>
    </ClCompile>
    <ClCompile Include="spacesim\UIManger.cpp">
      <Filter>Source Files</Filter>
    </ClCompile>
    <ClCompile Include="spacesim\VertexBuffer.cpp">
      <Filter>Source Files</Filter>
    </ClCompile>
    <ClCompile Include="spacesim\ViewManager.cpp">
      <Filter>Source Files</Filter>
    </ClCompile>
    <ClCompile Include="spacesim\WebkitThread.cpp">
      <Filter>Source Files</Filter>
    </ClCompile>
    <ClCompile Include="spacesim\XController.cpp">
      <Filter>Source Files</Filter>
    </ClCompile>
    <ClCompile Include="spacesim\XControllerDefines.cpp">
      <Filter>Source Files</Filter>
    </ClCompile>
    <ClCompile Include="spacesim\XMLModelLoader.cpp">
      <Filter>Source Files</Filter>
    </ClCompile>
    <ClCompile Include="spacesim\http server\httpserver.cpp">
      <Filter>Source Files</Filter>
    </ClCompile>
    <ClCompile Include="spacesim\logging\Logger.cpp">
      <Filter>Source Files</Filter>
    </ClCompile>
    <ClCompile Include="spacesim\memory\Allocator.cpp">
      <Filter>Source Files</Filter>
    </ClCompile>
    <ClCompile Include="spacesim\stringoperations\StringTemplate.cpp">
      <Filter>Source Files</Filter>
    </ClCompile>
    <ClCompile Include="spacesim\ui\BitmapFont.cpp">
      <Filter>Source Files</Filter>
    </ClCompile>
    <ClCompile Include="spacesim\ui\TextBlock.cpp">
      <Filter>Source Files</Filter>
    </ClCompile>
  </ItemGroup>
  <ItemGroup>
    <ClInclude Include="gameengine\bbox.h">
      <Filter>Header Files</Filter>
    </ClInclude>
    <ClInclude Include="gameengine\color.h">
      <Filter>Header Files</Filter>
    </ClInclude>
    <ClInclude Include="gameengine\interpolatecurveRGBA.h">
      <Filter>Header Files</Filter>
    </ClInclude>
    <ClInclude Include="gameengine\light.h">
      <Filter>Header Files</Filter>
    </ClInclude>
    <ClInclude Include="gameengine\MapLoader.h">
      <Filter>Header Files</Filter>
    </ClInclude>
    <ClInclude Include="gameengine\material.h">
      <Filter>Header Files</Filter>
    </ClInclude>
    <ClInclude Include="gameengine\modelmanager.h">
      <Filter>Header Files</Filter>
    </ClInclude>
    <ClInclude Include="gameengine\particle.h">
      <Filter>Header Files</Filter>
    </ClInclude>
    <ClInclude Include="gameengine\particleemitter.h">
      <Filter>Header Files</Filter>
    </ClInclude>
    <ClInclude Include="gameengine\particlesystemmanager.h">
      <Filter>Header Files</Filter>
    </ClInclude>
    <ClInclude Include="gameengine\player.h">
      <Filter>Header Files</Filter>
    </ClInclude>
    <ClInclude Include="gameengine\scorchmark.h">
      <Filter>Header Files</Filter>
    </ClInclude>
    <ClInclude Include="gameengine\settingsparser.h">
      <Filter>Header Files</Filter>
    </ClInclude>
    <ClInclude Include="gameengine\shadermanager.h">
      <Filter>Header Files</Filter>
    </ClInclude>
    <ClInclude Include="gameengine\texture.h">
      <Filter>Header Files</Filter>
    </ClInclude>
    <ClInclude Include="gameengine\texturemanager.h">
      <Filter>Header Files</Filter>
    </ClInclude>
    <ClInclude Include="matrixandvectormath\matrix33.h">
      <Filter>Header Files</Filter>
    </ClInclude>
    <ClInclude Include="matrixandvectormath\matrix44.h">
      <Filter>Header Files</Filter>
    </ClInclude>
    <ClInclude Include="matrixandvectormath\matrixmath.h">
      <Filter>Header Files</Filter>
    </ClInclude>
    <ClInclude Include="matrixandvectormath\vector2.h">
      <Filter>Header Files</Filter>
    </ClInclude>
    <ClInclude Include="matrixandvectormath\vector3.h">
      <Filter>Header Files</Filter>
    </ClInclude>
    <ClInclude Include="matrixandvectormath\vector4.h">
      <Filter>Header Files</Filter>
    </ClInclude>
    <ClInclude Include="shapes\box.h">
      <Filter>Header Files</Filter>
    </ClInclude>
    <ClInclude Include="shapes\core.h">
      <Filter>Header Files</Filter>
    </ClInclude>
    <ClInclude Include="shapes\door.h">
      <Filter>Header Files</Filter>
    </ClInclude>
    <ClInclude Include="shapes\face.h">
      <Filter>Header Files</Filter>
    </ClInclude>
    <ClInclude Include="shapes\forcefield.h">
      <Filter>Header Files</Filter>
    </ClInclude>
    <ClInclude Include="shapes\gunturret.h">
      <Filter>Header Files</Filter>
    </ClInclude>
    <ClInclude Include="shapes\laser.h">
      <Filter>Header Files</Filter>
    </ClInclude>
    <ClInclude Include="shapes\mesh.h">
      <Filter>Header Files</Filter>
    </ClInclude>
    <ClInclude Include="shapes\Model.h">
      <Filter>Header Files</Filter>
    </ClInclude>
    <ClInclude Include="shapes\plane.h">
      <Filter>Header Files</Filter>
    </ClInclude>
    <ClInclude Include="shapes\rotatingblades.h">
      <Filter>Header Files</Filter>
    </ClInclude>
    <ClInclude Include="shapes\square.h">
      <Filter>Header Files</Filter>
    </ClInclude>
    <ClInclude Include="shapes\switch.h">
      <Filter>Header Files</Filter>
    </ClInclude>
    <ClInclude Include="spacesim\AlignMacros.h">
      <Filter>Header Files</Filter>
    </ClInclude>
    <ClInclude Include="spacesim\applicationsetting.h">
      <Filter>Header Files</Filter>
    </ClInclude>
    <ClInclude Include="spacesim\AssimpModelLoader.h">
      <Filter>Header Files</Filter>
    </ClInclude>
    <ClInclude Include="spacesim\BaseApplication.h">
      <Filter>Header Files</Filter>
    </ClInclude>
    <ClInclude Include="spacesim\Buffer.h">
      <Filter>Header Files</Filter>
    </ClInclude>
    <ClInclude Include="spacesim\Camera.h">
      <Filter>Header Files</Filter>
    </ClInclude>
    <ClInclude Include="spacesim\CameraManager.h">
      <Filter>Header Files</Filter>
    </ClInclude>
    <ClInclude Include="spacesim\controller.h">
      <Filter>Header Files</Filter>
    </ClInclude>
    <ClInclude Include="spacesim\ControllerDefines.h">
      <Filter>Header Files</Filter>
    </ClInclude>
    <ClInclude Include="spacesim\CubeMapRenderer.h">
      <Filter>Header Files</Filter>
    </ClInclude>
    <ClInclude Include="spacesim\D3DDebugHelperFunctions.h">
      <Filter>Header Files</Filter>
    </ClInclude>
    <ClInclude Include="spacesim\DebugBox.h">
      <Filter>Header Files</Filter>
    </ClInclude>
    <ClInclude Include="spacesim\DebugHelperFunctions.h">
      <Filter>Header Files</Filter>
    </ClInclude>
    <ClInclude Include="spacesim\DeviceManager.h">
      <Filter>Header Files</Filter>
    </ClInclude>
    <ClInclude Include="spacesim\displaywindow.h">
      <Filter>Header Files</Filter>
    </ClInclude>
    <ClInclude Include="spacesim\Effect.h">
      <Filter>Header Files</Filter>
    </ClInclude>
    <ClInclude Include="spacesim\EffectCache.h">
      <Filter>Header Files</Filter>
    </ClInclude>
    <ClInclude Include="spacesim\EntityManager.h">
      <Filter>Header Files</Filter>
    </ClInclude>
    <ClInclude Include="spacesim\Frustum.h">
      <Filter>Header Files</Filter>
    </ClInclude>
    <ClInclude Include="spacesim\GameObject.h">
      <Filter>Header Files</Filter>
    </ClInclude>
    <ClInclude Include="spacesim\GameObjectManager.h">
      <Filter>Header Files</Filter>
    </ClInclude>
    <ClInclude Include="spacesim\GameResource.h">
      <Filter>Header Files</Filter>
    </ClInclude>
    <ClInclude Include="spacesim\GameWindow.h">
      <Filter>Header Files</Filter>
    </ClInclude>
    <ClInclude Include="spacesim\GeometryCache.h">
      <Filter>Header Files</Filter>
    </ClInclude>
    <ClInclude Include="spacesim\GeometryInstance.h">
      <Filter>Header Files</Filter>
    </ClInclude>
    <ClInclude Include="spacesim\HashString.h">
      <Filter>Header Files</Filter>
    </ClInclude>
    <ClInclude Include="spacesim\ICommand.h">
      <Filter>Header Files</Filter>
    </ClInclude>
    <ClInclude Include="spacesim\IController.h">
      <Filter>Header Files</Filter>
    </ClInclude>
    <ClInclude Include="spacesim\IndexBuffer.h">
      <Filter>Header Files</Filter>
    </ClInclude>
    <ClInclude Include="spacesim\InfinitySphere.h">
      <Filter>Header Files</Filter>
    </ClInclude>
    <ClInclude Include="spacesim\Input.h">
      <Filter>Header Files</Filter>
    </ClInclude>
    <ClInclude Include="spacesim\InputAction.h">
      <Filter>Header Files</Filter>
    </ClInclude>
    <ClInclude Include="spacesim\InputState.h">
      <Filter>Header Files</Filter>
    </ClInclude>
    <ClInclude Include="spacesim\InputSystem.h">
      <Filter>Header Files</Filter>
    </ClInclude>
    <ClInclude Include="spacesim\keyboard.h">
      <Filter>Header Files</Filter>
    </ClInclude>
    <ClInclude Include="spacesim\KeyboardController.h">
      <Filter>Header Files</Filter>
    </ClInclude>
    <ClInclude Include="spacesim\LaserManager.h">
      <Filter>Header Files</Filter>
    </ClInclude>
    <ClInclude Include="spacesim\LightManager.h">
      <Filter>Header Files</Filter>
    </ClInclude>
    <ClInclude Include="spacesim\main.h">
      <Filter>Header Files</Filter>
    </ClInclude>
    <ClInclude Include="spacesim\MathUtilityFunctions.h">
      <Filter>Header Files</Filter>
    </ClInclude>
    <ClInclude Include="spacesim\MeshComponentData.h">
      <Filter>Header Files</Filter>
    </ClInclude>
    <ClInclude Include="spacesim\MeshGroup.h">
      <Filter>Header Files</Filter>
    </ClInclude>
    <ClInclude Include="spacesim\Messages.h">
      <Filter>Header Files</Filter>
    </ClInclude>
    <ClInclude Include="spacesim\ModelLoader.h">
      <Filter>Header Files</Filter>
    </ClInclude>
    <ClInclude Include="spacesim\MouseControlDefines.h">
      <Filter>Header Files</Filter>
    </ClInclude>
    <ClInclude Include="spacesim\MouseController.h">
      <Filter>Header Files</Filter>
    </ClInclude>
    <ClInclude Include="spacesim\OrientationAxis.h">
      <Filter>Header Files</Filter>
    </ClInclude>
    <ClInclude Include="spacesim\Paths.h">
      <Filter>Header Files</Filter>
    </ClInclude>
    <ClInclude Include="spacesim\playbackcontroller.h">
      <Filter>Header Files</Filter>
    </ClInclude>
    <ClInclude Include="spacesim\Renderable.h">
      <Filter>Header Files</Filter>
    </ClInclude>
    <ClInclude Include="spacesim\RenderInstance.h">
      <Filter>Header Files</Filter>
    </ClInclude>
    <ClInclude Include="spacesim\RenderSystem.h">
      <Filter>Header Files</Filter>
    </ClInclude>
    <ClInclude Include="spacesim\resource.h">
      <Filter>Header Files</Filter>
    </ClInclude>
    <ClInclude Include="spacesim\Resourceable.h">
      <Filter>Header Files</Filter>
    </ClInclude>
    <ClInclude Include="spacesim\RKIntegrator.h">
      <Filter>Header Files</Filter>
    </ClInclude>
    <ClInclude Include="spacesim\Settings.h">
      <Filter>Header Files</Filter>
    </ClInclude>
    <ClInclude Include="spacesim\SettingsManager.h">
      <Filter>Header Files</Filter>
    </ClInclude>
    <ClInclude Include="spacesim\SettingsParser.h">
      <Filter>Header Files</Filter>
    </ClInclude>
    <ClInclude Include="spacesim\ShaderCache.h">
      <Filter>Header Files</Filter>
    </ClInclude>
    <ClInclude Include="spacesim\ShaderInstance.h">
      <Filter>Header Files</Filter>
    </ClInclude>
    <ClInclude Include="spacesim\ShaderPack.h">
      <Filter>Header Files</Filter>
    </ClInclude>
    <ClInclude Include="spacesim\Shaders.h">
      <Filter>Header Files</Filter>
    </ClInclude>
    <ClInclude Include="spacesim\StringHelperFunctions.h">
      <Filter>Header Files</Filter>
    </ClInclude>
    <ClInclude Include="spacesim\TextSystem.h">
      <Filter>Header Files</Filter>
    </ClInclude>
    <ClInclude Include="spacesim\Thread.h">
      <Filter>Header Files</Filter>
    </ClInclude>
    <ClInclude Include="spacesim\Timer.h">
      <Filter>Header Files</Filter>
    </ClInclude>
    <ClInclude Include="spacesim\tinyxml2.h">
      <Filter>Header Files</Filter>
    </ClInclude>
    <ClInclude Include="spacesim\TypeHelpers.h">
      <Filter>Header Files</Filter>
    </ClInclude>
    <ClInclude Include="spacesim\Types.h">
      <Filter>Header Files</Filter>
    </ClInclude>
    <ClInclude Include="spacesim\UIManger.h">
      <Filter>Header Files</Filter>
    </ClInclude>
    <ClInclude Include="spacesim\VertexBuffer.h">
      <Filter>Header Files</Filter>
    </ClInclude>
    <ClInclude Include="spacesim\ViewManager.h">
      <Filter>Header Files</Filter>
    </ClInclude>
    <ClInclude Include="spacesim\WebkitThread.h">
      <Filter>Header Files</Filter>
    </ClInclude>
    <ClInclude Include="spacesim\XController.h">
      <Filter>Header Files</Filter>
    </ClInclude>
    <ClInclude Include="spacesim\XControllerDefines.h">
      <Filter>Header Files</Filter>
    </ClInclude>
    <ClInclude Include="spacesim\XMLModelLoader.h">
      <Filter>Header Files</Filter>
    </ClInclude>
    <ClInclude Include="spacesim\http server\HttpMessageBuffer.h">
      <Filter>Header Files</Filter>
    </ClInclude>
    <ClInclude Include="spacesim\http server\httpserver.h">
      <Filter>Header Files</Filter>
    </ClInclude>
    <ClInclude Include="spacesim\logging\Logger.h">
      <Filter>Header Files</Filter>
    </ClInclude>
    <ClInclude Include="spacesim\memory\Allocator.h">
      <Filter>Header Files</Filter>
    </ClInclude>
    <ClInclude Include="spacesim\memory\HeapAllocator.h">
      <Filter>Header Files</Filter>
    </ClInclude>
    <ClInclude Include="spacesim\memory\LinearAllocator.h">
      <Filter>Header Files</Filter>
    </ClInclude>
    <ClInclude Include="spacesim\memory\MemoryArena.h">
      <Filter>Header Files</Filter>
    </ClInclude>
    <ClInclude Include="spacesim\memory\PointerArithmetic.h">
      <Filter>Header Files</Filter>
    </ClInclude>
    <ClInclude Include="spacesim\memory\SlotAllocator.h">
      <Filter>Header Files</Filter>
    </ClInclude>
    <ClInclude Include="spacesim\sourceinformation\SourceInfo.h">
      <Filter>Header Files</Filter>
    </ClInclude>
    <ClInclude Include="spacesim\stringoperations\StringTemplate.h">
      <Filter>Header Files</Filter>
    </ClInclude>
    <ClInclude Include="spacesim\ui\BitmapFont.h">
      <Filter>Header Files</Filter>
    </ClInclude>
    <ClInclude Include="spacesim\ui\TextBlock.h">
      <Filter>Header Files</Filter>
    </ClInclude>
    <ClInclude Include="spacesim\ui\WebkitCommands.h">
      <Filter>Header Files</Filter>
    </ClInclude>
  </ItemGroup>
  <ItemGroup>
    <None Include="spacesim\stringoperations\StringTemplate.inl">
      <Filter>Header Files</Filter>
    </None>
  </ItemGroup>
  <ItemGroup>
    <ResourceCompile Include="spacesim\SpaceSim.rc">
      <Filter>Resource Files</Filter>
    </ResourceCompile>
  </ItemGroup>
</Project>