<?xml version="1.0" encoding="utf-8"?>
<Project ToolsVersion="4.0" xmlns="http://schemas.microsoft.com/developer/msbuild/2003">
  <ItemGroup>
    <Filter Include="Source Files">
      <UniqueIdentifier>{4FC737F1-C7A5-4376-A066-2A32D752A2FF}</UniqueIdentifier>
      <Extensions>cpp;c;cc;cxx;def;odl;idl;hpj;bat;asm;asmx</Extensions>
    </Filter>
    <Filter Include="Header Files">
      <UniqueIdentifier>{93995380-89BD-4b04-88EB-625FBE52EBFB}</UniqueIdentifier>
      <Extensions>h;hpp;hxx;hm;inl;inc;xsd</Extensions>
    </Filter>
    <Filter Include="Resource Files">
      <UniqueIdentifier>{67DA6AB6-F800-4c08-8B7A-83BB121AAD01}</UniqueIdentifier>
      <Extensions>rc;ico;cur;bmp;dlg;rc2;rct;bin;rgs;gif;jpg;jpeg;jpe;resx;tiff;tif;png;wav</Extensions>
    </Filter>
  </ItemGroup>
  <ItemGroup>
    <ClCompile Include="BaseApplication.cpp">
      <Filter>Source Files</Filter>
    </ClCompile>
    <ClCompile Include="..\GameEngine\bbox.cpp">
      <Filter>Source Files</Filter>
    </ClCompile>
    <ClCompile Include="..\Shapes\box.cpp">
      <Filter>Source Files</Filter>
    </ClCompile>
    <ClCompile Include="Camera.cpp">
      <Filter>Source Files</Filter>
    </ClCompile>
    <ClCompile Include="CameraManager.cpp">
      <Filter>Source Files</Filter>
    </ClCompile>
    <ClCompile Include="..\GameEngine\color.cpp">
      <Filter>Source Files</Filter>
    </ClCompile>
    <ClCompile Include="controller.cpp">
      <Filter>Source Files</Filter>
    </ClCompile>
    <ClCompile Include="..\Shapes\core.cpp">
      <Filter>Source Files</Filter>
    </ClCompile>
    <ClCompile Include="DeviceManager.cpp">
      <Filter>Source Files</Filter>
    </ClCompile>
    <ClCompile Include="displaywindow.cpp">
      <Filter>Source Files</Filter>
    </ClCompile>
    <ClCompile Include="..\Shapes\door.cpp">
      <Filter>Source Files</Filter>
    </ClCompile>
    <ClCompile Include="Effect.cpp">
      <Filter>Source Files</Filter>
    </ClCompile>
    <ClCompile Include="..\Shapes\face.cpp">
      <Filter>Source Files</Filter>
    </ClCompile>
    <ClCompile Include="..\Shapes\forcefield.cpp">
      <Filter>Source Files</Filter>
    </ClCompile>
    <ClCompile Include="GameWindow.cpp">
      <Filter>Source Files</Filter>
    </ClCompile>
    <ClCompile Include="..\Shapes\gunturret.cpp">
      <Filter>Source Files</Filter>
    </ClCompile>
    <ClCompile Include="IController.cpp">
      <Filter>Source Files</Filter>
    </ClCompile>
    <ClCompile Include="IndexBuffer.cpp">
      <Filter>Source Files</Filter>
    </ClCompile>
    <ClCompile Include="InputSystem.cpp">
      <Filter>Source Files</Filter>
    </ClCompile>
    <ClCompile Include="..\Shapes\laser.cpp">
      <Filter>Source Files</Filter>
    </ClCompile>
    <ClCompile Include="..\GameEngine\light.cpp">
      <Filter>Source Files</Filter>
    </ClCompile>
    <ClCompile Include="main.cpp">
      <Filter>Source Files</Filter>
    </ClCompile>
    <ClCompile Include="..\GameEngine\material.cpp">
      <Filter>Source Files</Filter>
    </ClCompile>
    <ClCompile Include="..\MatrixAndVectorMath\matrix33.cpp">
      <Filter>Source Files</Filter>
    </ClCompile>
    <ClCompile Include="..\MatrixAndVectorMath\matrix44.cpp">
      <Filter>Source Files</Filter>
    </ClCompile>
    <ClCompile Include="..\MatrixAndVectorMath\matrixmath.cpp">
      <Filter>Source Files</Filter>
    </ClCompile>
    <ClCompile Include="..\Shapes\mesh.cpp">
      <Filter>Source Files</Filter>
    </ClCompile>
    <ClCompile Include="..\GameEngine\modelmanager.cpp">
      <Filter>Source Files</Filter>
    </ClCompile>
    <ClCompile Include="OrientationAxis.cpp">
      <Filter>Source Files</Filter>
    </ClCompile>
    <ClCompile Include="..\GameEngine\particle.cpp">
      <Filter>Source Files</Filter>
    </ClCompile>
    <ClCompile Include="..\GameEngine\particleemitter.cpp">
      <Filter>Source Files</Filter>
    </ClCompile>
    <ClCompile Include="..\GameEngine\particlesystemmanager.cpp">
      <Filter>Source Files</Filter>
    </ClCompile>
    <ClCompile Include="..\Shapes\plane.cpp">
      <Filter>Source Files</Filter>
    </ClCompile>
    <ClCompile Include="playbackcontroller.cpp">
      <Filter>Source Files</Filter>
    </ClCompile>
    <ClCompile Include="..\GameEngine\player.cpp">
      <Filter>Source Files</Filter>
    </ClCompile>
    <ClCompile Include="RenderSystem.cpp">
      <Filter>Source Files</Filter>
    </ClCompile>
    <ClCompile Include="..\Shapes\rotatingblades.cpp">
      <Filter>Source Files</Filter>
    </ClCompile>
    <ClCompile Include="..\GameEngine\scorchmark.cpp">
      <Filter>Source Files</Filter>
    </ClCompile>
    <ClCompile Include="Settings.cpp">
      <Filter>Source Files</Filter>
    </ClCompile>
    <ClCompile Include="SettingsManager.cpp">
      <Filter>Source Files</Filter>
    </ClCompile>
    <ClCompile Include="SettingsParser.cpp">
      <Filter>Source Files</Filter>
    </ClCompile>
    <ClCompile Include="..\GameEngine\shadermanager.cpp">
      <Filter>Source Files</Filter>
    </ClCompile>
    <ClCompile Include="..\Shapes\square.cpp">
      <Filter>Source Files</Filter>
    </ClCompile>
    <ClCompile Include="..\Shapes\switch.cpp">
      <Filter>Source Files</Filter>
    </ClCompile>
    <ClCompile Include="..\GameEngine\texture.cpp">
      <Filter>Source Files</Filter>
    </ClCompile>
    <ClCompile Include="..\GameEngine\texturemanager.cpp">
      <Filter>Source Files</Filter>
    </ClCompile>
    <ClCompile Include="Timer.cpp">
      <Filter>Source Files</Filter>
    </ClCompile>
    <ClCompile Include="..\MatrixAndVectorMath\vector2.cpp">
      <Filter>Source Files</Filter>
    </ClCompile>
    <ClCompile Include="..\MatrixAndVectorMath\vector3.cpp">
      <Filter>Source Files</Filter>
    </ClCompile>
    <ClCompile Include="..\MatrixAndVectorMath\vector4.cpp">
      <Filter>Source Files</Filter>
    </ClCompile>
    <ClCompile Include="VertexBuffer.cpp">
      <Filter>Source Files</Filter>
    </ClCompile>
    <ClCompile Include="XController.cpp">
      <Filter>Source Files</Filter>
    </ClCompile>
    <ClCompile Include="RenderInstance.cpp">
      <Filter>Source Files</Filter>
    </ClCompile>
    <ClCompile Include="Renderable.cpp">
      <Filter>Source Files</Filter>
    </ClCompile>
    <ClCompile Include="tinyxml2.cpp">
      <Filter>Source Files</Filter>
    </ClCompile>
    <ClCompile Include="ModelLoader.cpp">
      <Filter>Source Files</Filter>
    </ClCompile>
    <ClCompile Include="XMLModelLoader.cpp">
      <Filter>Source Files</Filter>
    </ClCompile>
    <ClCompile Include="AssimpModelLoader.cpp">
      <Filter>Source Files</Filter>
    </ClCompile>
    <ClCompile Include="GameObjectManager.cpp">
      <Filter>Source Files</Filter>
    </ClCompile>
    <ClCompile Include="Messages.cpp">
      <Filter>Source Files</Filter>
    </ClCompile>
    <ClCompile Include="GameObject.cpp">
      <Filter>Source Files</Filter>
    </ClCompile>
    <ClCompile Include="Resourceable.cpp">
      <Filter>Source Files</Filter>
    </ClCompile>
    <ClCompile Include="GameResource.cpp">
      <Filter>Source Files</Filter>
    </ClCompile>
    <ClCompile Include="MeshGroup.cpp">
      <Filter>Source Files</Filter>
    </ClCompile>
    <ClCompile Include="LightManager.cpp">
      <Filter>Source Files</Filter>
    </ClCompile>
    <ClCompile Include="..\GameEngine\MapLoader.cpp">
      <Filter>Source Files</Filter>
    </ClCompile>
    <ClCompile Include="LaserManager.cpp">
      <Filter>Source Files</Filter>
    </ClCompile>
    <ClCompile Include="InfinitySphere.cpp">
      <Filter>Source Files</Filter>
    </ClCompile>
    <ClCompile Include="CubeMapRenderer.cpp">
      <Filter>Source Files</Filter>
    </ClCompile>
    <ClCompile Include="Shaders.cpp">
      <Filter>Source Files</Filter>
    </ClCompile>
    <ClCompile Include="ShaderCache.cpp">
      <Filter>Source Files</Filter>
    </ClCompile>
    <ClCompile Include="EffectCache.cpp">
      <Filter>Source Files</Filter>
    </ClCompile>
    <ClCompile Include="Paths.cpp">
      <Filter>Source Files</Filter>
    </ClCompile>
    <ClCompile Include="DebugBox.cpp">
      <Filter>Source Files</Filter>
    </ClCompile>
    <ClCompile Include="ShaderPack.cpp">
      <Filter>Source Files</Filter>
    </ClCompile>
    <ClCompile Include="Allocator.cpp">
      <Filter>Source Files</Filter>
    </ClCompile>
    <ClCompile Include="KeyboardController.cpp">
      <Filter>Source Files</Filter>
    </ClCompile>
    <ClCompile Include="InputState.cpp">
      <Filter>Source Files</Filter>
    </ClCompile>
    <ClCompile Include="GeometryCache.cpp">
      <Filter>Source Files</Filter>
    </ClCompile>
    <ClCompile Include="Frustum.cpp">
      <Filter>Source Files</Filter>
    </ClCompile>
    <ClCompile Include="StringOperations\StringTemplate.cpp">
      <Filter>Source Files</Filter>
    </ClCompile>
    <ClCompile Include="RKIntegrator.cpp">
      <Filter>Source Files</Filter>
    </ClCompile>
    <ClCompile Include="StringHelperFunctions.cpp">
      <Filter>Source Files</Filter>
    </ClCompile>
    <ClCompile Include="MouseController.cpp">
      <Filter>Source Files</Filter>
    </ClCompile>
    <ClCompile Include="MouseControlDefines.cpp">
      <Filter>Source Files</Filter>
    </ClCompile>
    <ClCompile Include="Input.cpp">
      <Filter>Source Files</Filter>
    </ClCompile>
    <ClCompile Include="XControllerDefines.cpp">
      <Filter>Source Files</Filter>
    </ClCompile>
    <ClCompile Include="EntityManager.cpp">
      <Filter>Source Files</Filter>
    </ClCompile>
  </ItemGroup>
  <ItemGroup>
    <ClInclude Include="applicationsetting.h">
      <Filter>Header Files</Filter>
    </ClInclude>
    <ClInclude Include="BaseApplication.h">
      <Filter>Header Files</Filter>
    </ClInclude>
    <ClInclude Include="..\GameEngine\bbox.h">
      <Filter>Header Files</Filter>
    </ClInclude>
    <ClInclude Include="..\Shapes\box.h">
      <Filter>Header Files</Filter>
    </ClInclude>
    <ClInclude Include="Buffer.h">
      <Filter>Header Files</Filter>
    </ClInclude>
    <ClInclude Include="Camera.h">
      <Filter>Header Files</Filter>
    </ClInclude>
    <ClInclude Include="CameraManager.h">
      <Filter>Header Files</Filter>
    </ClInclude>
    <ClInclude Include="..\GameEngine\color.h">
      <Filter>Header Files</Filter>
    </ClInclude>
    <ClInclude Include="controller.h">
      <Filter>Header Files</Filter>
    </ClInclude>
    <ClInclude Include="ControllerDefines.h">
      <Filter>Header Files</Filter>
    </ClInclude>
    <ClInclude Include="..\Shapes\core.h">
      <Filter>Header Files</Filter>
    </ClInclude>
    <ClInclude Include="DeviceManager.h">
      <Filter>Header Files</Filter>
    </ClInclude>
    <ClInclude Include="displaywindow.h">
      <Filter>Header Files</Filter>
    </ClInclude>
    <ClInclude Include="..\Shapes\door.h">
      <Filter>Header Files</Filter>
    </ClInclude>
    <ClInclude Include="Effect.h">
      <Filter>Header Files</Filter>
    </ClInclude>
    <ClInclude Include="..\Shapes\face.h">
      <Filter>Header Files</Filter>
    </ClInclude>
    <ClInclude Include="..\Shapes\forcefield.h">
      <Filter>Header Files</Filter>
    </ClInclude>
    <ClInclude Include="GameWindow.h">
      <Filter>Header Files</Filter>
    </ClInclude>
    <ClInclude Include="..\Shapes\gunturret.h">
      <Filter>Header Files</Filter>
    </ClInclude>
    <ClInclude Include="IController.h">
      <Filter>Header Files</Filter>
    </ClInclude>
    <ClInclude Include="IndexBuffer.h">
      <Filter>Header Files</Filter>
    </ClInclude>
    <ClInclude Include="Input.h">
      <Filter>Header Files</Filter>
    </ClInclude>
    <ClInclude Include="InputState.h">
      <Filter>Header Files</Filter>
    </ClInclude>
    <ClInclude Include="InputSystem.h">
      <Filter>Header Files</Filter>
    </ClInclude>
    <ClInclude Include="..\GameEngine\interpolatecurveRGBA.h">
      <Filter>Header Files</Filter>
    </ClInclude>
    <ClInclude Include="..\Shapes\laser.h">
      <Filter>Header Files</Filter>
    </ClInclude>
    <ClInclude Include="..\GameEngine\light.h">
      <Filter>Header Files</Filter>
    </ClInclude>
    <ClInclude Include="..\GameEngine\material.h">
      <Filter>Header Files</Filter>
    </ClInclude>
    <ClInclude Include="..\MatrixAndVectorMath\matrix33.h">
      <Filter>Header Files</Filter>
    </ClInclude>
    <ClInclude Include="..\MatrixAndVectorMath\matrix44.h">
      <Filter>Header Files</Filter>
    </ClInclude>
    <ClInclude Include="..\MatrixAndVectorMath\matrixmath.h">
      <Filter>Header Files</Filter>
    </ClInclude>
    <ClInclude Include="..\Shapes\mesh.h">
      <Filter>Header Files</Filter>
    </ClInclude>
    <ClInclude Include="..\GameEngine\modelmanager.h">
      <Filter>Header Files</Filter>
    </ClInclude>
    <ClInclude Include="OrientationAxis.h">
      <Filter>Header Files</Filter>
    </ClInclude>
    <ClInclude Include="..\GameEngine\particle.h">
      <Filter>Header Files</Filter>
    </ClInclude>
    <ClInclude Include="..\GameEngine\particleemitter.h">
      <Filter>Header Files</Filter>
    </ClInclude>
    <ClInclude Include="..\GameEngine\particlesystemmanager.h">
      <Filter>Header Files</Filter>
    </ClInclude>
    <ClInclude Include="..\Shapes\plane.h">
      <Filter>Header Files</Filter>
    </ClInclude>
    <ClInclude Include="playbackcontroller.h">
      <Filter>Header Files</Filter>
    </ClInclude>
    <ClInclude Include="..\GameEngine\player.h">
      <Filter>Header Files</Filter>
    </ClInclude>
    <ClInclude Include="RenderSystem.h">
      <Filter>Header Files</Filter>
    </ClInclude>
    <ClInclude Include="resource.h">
      <Filter>Header Files</Filter>
    </ClInclude>
    <ClInclude Include="..\Shapes\rotatingblades.h">
      <Filter>Header Files</Filter>
    </ClInclude>
    <ClInclude Include="..\GameEngine\scorchmark.h">
      <Filter>Header Files</Filter>
    </ClInclude>
    <ClInclude Include="Settings.h">
      <Filter>Header Files</Filter>
    </ClInclude>
    <ClInclude Include="SettingsManager.h">
      <Filter>Header Files</Filter>
    </ClInclude>
    <ClInclude Include="SettingsParser.h">
      <Filter>Header Files</Filter>
    </ClInclude>
    <ClInclude Include="..\GameEngine\shadermanager.h">
      <Filter>Header Files</Filter>
    </ClInclude>
    <ClInclude Include="..\Shapes\square.h">
      <Filter>Header Files</Filter>
    </ClInclude>
    <ClInclude Include="StringHelperFunctions.h">
      <Filter>Header Files</Filter>
    </ClInclude>
    <ClInclude Include="..\Shapes\switch.h">
      <Filter>Header Files</Filter>
    </ClInclude>
    <ClInclude Include="..\GameEngine\texture.h">
      <Filter>Header Files</Filter>
    </ClInclude>
    <ClInclude Include="..\GameEngine\texturemanager.h">
      <Filter>Header Files</Filter>
    </ClInclude>
    <ClInclude Include="Timer.h">
      <Filter>Header Files</Filter>
    </ClInclude>
    <ClInclude Include="..\MatrixAndVectorMath\vector2.h">
      <Filter>Header Files</Filter>
    </ClInclude>
    <ClInclude Include="..\MatrixAndVectorMath\vector3.h">
      <Filter>Header Files</Filter>
    </ClInclude>
    <ClInclude Include="..\MatrixAndVectorMath\vector4.h">
      <Filter>Header Files</Filter>
    </ClInclude>
    <ClInclude Include="VertexBuffer.h">
      <Filter>Header Files</Filter>
    </ClInclude>
    <ClInclude Include="XController.h">
      <Filter>Header Files</Filter>
    </ClInclude>
    <ClInclude Include="RenderInstance.h">
      <Filter>Header Files</Filter>
    </ClInclude>
    <ClInclude Include="Renderable.h">
      <Filter>Header Files</Filter>
    </ClInclude>
    <ClInclude Include="tinyxml2.h">
      <Filter>Header Files</Filter>
    </ClInclude>
    <ClInclude Include="TypeHelpers.h">
      <Filter>Header Files</Filter>
    </ClInclude>
    <ClInclude Include="Types.h">
      <Filter>Header Files</Filter>
    </ClInclude>
    <ClInclude Include="..\Shapes\Model.h">
      <Filter>Header Files</Filter>
    </ClInclude>
    <ClInclude Include="ModelLoader.h">
      <Filter>Header Files</Filter>
    </ClInclude>
    <ClInclude Include="XMLModelLoader.h">
      <Filter>Header Files</Filter>
    </ClInclude>
    <ClInclude Include="AssimpModelLoader.h">
      <Filter>Header Files</Filter>
    </ClInclude>
    <ClInclude Include="ShaderInstance.h">
      <Filter>Header Files</Filter>
    </ClInclude>
    <ClInclude Include="GeometryInstance.h">
      <Filter>Header Files</Filter>
    </ClInclude>
    <ClInclude Include="GameObjectManager.h">
      <Filter>Header Files</Filter>
    </ClInclude>
    <ClInclude Include="Messages.h">
      <Filter>Header Files</Filter>
    </ClInclude>
    <ClInclude Include="GameObject.h">
      <Filter>Header Files</Filter>
    </ClInclude>
    <ClInclude Include="Resourceable.h">
      <Filter>Header Files</Filter>
    </ClInclude>
    <ClInclude Include="GameResource.h">
      <Filter>Header Files</Filter>
    </ClInclude>
    <ClInclude Include="D3DDebugHelperFunctions.h">
      <Filter>Header Files</Filter>
    </ClInclude>
    <ClInclude Include="AlignMacros.h">
      <Filter>Header Files</Filter>
    </ClInclude>
    <ClInclude Include="MeshGroup.h">
      <Filter>Header Files</Filter>
    </ClInclude>
    <ClInclude Include="LightManager.h">
      <Filter>Header Files</Filter>
    </ClInclude>
    <ClInclude Include="..\GameEngine\MapLoader.h">
      <Filter>Header Files</Filter>
    </ClInclude>
    <ClInclude Include="LaserManager.h">
      <Filter>Header Files</Filter>
    </ClInclude>
    <ClInclude Include="InfinitySphere.h">
      <Filter>Header Files</Filter>
    </ClInclude>
    <ClInclude Include="CubeMapRenderer.h">
      <Filter>Header Files</Filter>
    </ClInclude>
    <ClInclude Include="Shaders.h">
      <Filter>Header Files</Filter>
    </ClInclude>
    <ClInclude Include="ShaderCache.h">
      <Filter>Header Files</Filter>
    </ClInclude>
    <ClInclude Include="EffectCache.h">
      <Filter>Header Files</Filter>
    </ClInclude>
    <ClInclude Include="Paths.h">
      <Filter>Header Files</Filter>
    </ClInclude>
    <ClInclude Include="DebugBox.h">
      <Filter>Header Files</Filter>
    </ClInclude>
    <ClInclude Include="ShaderPack.h">
      <Filter>Header Files</Filter>
    </ClInclude>
    <ClInclude Include="main.h">
      <Filter>Header Files</Filter>
    </ClInclude>
    <ClInclude Include="Allocator.h">
      <Filter>Header Files</Filter>
    </ClInclude>
    <ClInclude Include="KeyboardController.h">
      <Filter>Header Files</Filter>
    </ClInclude>
    <ClInclude Include="InputAction.h">
      <Filter>Header Files</Filter>
    </ClInclude>
    <ClInclude Include="GeometryCache.h">
      <Filter>Header Files</Filter>
    </ClInclude>
    <ClInclude Include="Frustum.h">
      <Filter>Header Files</Filter>
    </ClInclude>
    <ClInclude Include="StringOperations\StringTemplate.h">
      <Filter>Header Files</Filter>
    </ClInclude>
    <ClInclude Include="RKIntegrator.h">
      <Filter>Header Files</Filter>
    </ClInclude>
    <ClInclude Include="MouseController.h">
      <Filter>Header Files</Filter>
    </ClInclude>
    <ClInclude Include="MouseControlDefines.h">
      <Filter>Header Files</Filter>
    </ClInclude>
    <ClInclude Include="MathUtilityFunctions.h">
      <Filter>Header Files</Filter>
    </ClInclude>
    <ClInclude Include="XControllerDefines.h">
      <Filter>Header Files</Filter>
    </ClInclude>
    <ClInclude Include="HashString.h">
      <Filter>Header Files</Filter>
    </ClInclude>
    <ClInclude Include="EntityManager.h">
      <Filter>Header Files</Filter>
    </ClInclude>
    <ClInclude Include="MeshComponentData.h">
      <Filter>Header Files</Filter>
    </ClInclude>
  </ItemGroup>
  <ItemGroup>
    <None Include="..\bin\DebugColorShader.fx">
      <Filter>Resource Files</Filter>
    </None>
    <None Include="pointlight.psh">
      <Filter>Resource Files</Filter>
    </None>
    <None Include="pointlight.vsh">
      <Filter>Resource Files</Filter>
    </None>
    <None Include="..\bin\settings.cfg">
      <Filter>Resource Files</Filter>
    </None>
    <None Include="..\bin\SimpleEffect.fx">
      <Filter>Resource Files</Filter>
    </None>
    <None Include="..\bin\SimpleEffect2.fx">
      <Filter>Resource Files</Filter>
    </None>
    <None Include="ClassDiagram1.cd" />
    <None Include="..\bin\Settings\Player.cfg">
      <Filter>Resource Files</Filter>
    </None>
    <None Include="..\bin\Shaders\skydome.fx">
      <Filter>Resource Files</Filter>
    </None>
    <None Include="..\bin\Shaders\Shaders\cube_mapping.ifx">
      <Filter>Resource Files</Filter>
    </None>
    <None Include="..\bin\Shaders\Shaders\normal_mapping.ifx">
      <Filter>Resource Files</Filter>
    </None>
    <None Include="..\bin\Shaders\Shaders\phong_lighting_shader.ifx">
      <Filter>Resource Files</Filter>
    </None>
    <None Include="..\bin\Shaders\Shaders\shared_data_types.ifx">
      <Filter>Resource Files</Filter>
    </None>
    <None Include="..\bin\Shaders\Shaders\simple_pixel_shader.ps">
      <Filter>Resource Files</Filter>
    </None>
    <None Include="..\bin\Shaders\Shaders\simple_shader.ifx">
      <Filter>Resource Files</Filter>
    </None>
    <None Include="..\bin\Shaders\Shaders\simple_vertex_shader.vs">
      <Filter>Resource Files</Filter>
    </None>
    <None Include="..\bin\Shaders\Shaders\uniforms.ifx">
      <Filter>Resource Files</Filter>
    </None>
    <None Include="..\bin\Shaders\Shaders\DebugColorShader.fx">
      <Filter>Resource Files</Filter>
    </None>
    <None Include="..\bin\Shaders\Shaders\DomainShader.hlsl">
      <Filter>Resource Files</Filter>
    </None>
    <None Include="..\bin\Shaders\Shaders\ForceFieldEffect.fx">
      <Filter>Resource Files</Filter>
    </None>
    <None Include="..\bin\Shaders\Shaders\laser_shader.fx">
      <Filter>Resource Files</Filter>
    </None>
    <None Include="..\bin\Shaders\Shaders\particle_system.fx">
      <Filter>Resource Files</Filter>
    </None>
    <None Include="..\bin\Shaders\Shaders\SimpleEffect.fx">
      <Filter>Resource Files</Filter>
    </None>
    <None Include="..\bin\Shaders\Shaders\SimpleEffect2.fx">
      <Filter>Resource Files</Filter>
    </None>
    <None Include="..\bin\Shaders\Shaders\SimpleEffect3.fx">
      <Filter>Resource Files</Filter>
    </None>
    <None Include="..\bin\Shaders\Shaders\skydome.fx">
      <Filter>Resource Files</Filter>
    </None>
    <None Include="SpaceSim.rc">
      <Filter>Resource Files</Filter>
    </None>
    <None Include="..\bin\Shaders\Shaders\test_shader.fx">
      <Filter>Resource Files</Filter>
    </None>
    <None Include="..\bin\Maps\Entrance.dat">
      <Filter>Resource Files</Filter>
    </None>
    <None Include="..\bin\Shaders\Shaders\core_pixel_shader.ps">
      <Filter>Resource Files</Filter>
    </None>
    <None Include="StringOperations\StringTemplate.inl">
      <Filter>Header Files</Filter>
    </None>
  </ItemGroup>
  <ItemGroup>
    <Xml Include="..\bin\FE\fe.xml">
      <Filter>Resource Files</Filter>
    </Xml>
  </ItemGroup>
</Project>