<?xml version="1.0" encoding="utf-8"?>
<Project ToolsVersion="4.0" xmlns="http://schemas.microsoft.com/developer/msbuild/2003">
  <ItemGroup>
    <Filter Include="Source Files">
      <UniqueIdentifier>{4FC737F1-C7A5-4376-A066-2A32D752A2FF}</UniqueIdentifier>
      <Extensions>cpp;c;cc;cxx;def;odl;idl;hpj;bat;asm;asmx</Extensions>
    </Filter>
    <Filter Include="Header Files">
      <UniqueIdentifier>{93995380-89BD-4b04-88EB-625FBE52EBFB}</UniqueIdentifier>
      <Extensions>h;hh;hpp;hxx;hm;inl;inc;xsd</Extensions>
    </Filter>
    <Filter Include="Resource Files">
      <UniqueIdentifier>{67DA6AB6-F800-4c08-8B7A-83BB121AAD01}</UniqueIdentifier>
      <Extensions>rc;ico;cur;bmp;dlg;rc2;rct;bin;rgs;gif;jpg;jpeg;jpe;resx;tiff;tif;png;wav;mfcribbon-ms</Extensions>
    </Filter>
    <Filter Include="Shaders">
      <UniqueIdentifier>{fee06efd-4e91-4255-b624-ff0a40d92dc2}</UniqueIdentifier>
    </Filter>
  </ItemGroup>
  <ItemGroup>
    <ClInclude Include="..\..\Application\applicationsetting.h">
      <Filter>Header Files</Filter>
    </ClInclude>
    <ClInclude Include="..\..\Application\BaseApplication.h">
      <Filter>Header Files</Filter>
    </ClInclude>
    <ClInclude Include="..\..\Application\displaywindow.h">
      <Filter>Header Files</Filter>
    </ClInclude>
    <ClInclude Include="..\..\Application\GameWindow.h">
      <Filter>Header Files</Filter>
    </ClInclude>
    <ClInclude Include="..\..\SourceInformation\SourceInfo.h">
      <Filter>Header Files</Filter>
    </ClInclude>
    <ClInclude Include="..\..\Core\ICommand.h">
      <Filter>Header Files</Filter>
    </ClInclude>
    <ClInclude Include="..\..\Core\Paths.h">
      <Filter>Header Files</Filter>
    </ClInclude>
    <ClInclude Include="..\..\Core\tinyxml2.h">
      <Filter>Header Files</Filter>
    </ClInclude>
    <ClInclude Include="..\..\Core\Resource\resource.h">
      <Filter>Header Files</Filter>
    </ClInclude>
    <ClInclude Include="..\..\Core\Resource\Resourceable.h">
      <Filter>Header Files</Filter>
    </ClInclude>
    <ClInclude Include="..\..\Core\Settings\Settings.h">
      <Filter>Header Files</Filter>
    </ClInclude>
    <ClInclude Include="..\..\Core\Settings\SettingsManager.h">
      <Filter>Header Files</Filter>
    </ClInclude>
    <ClInclude Include="..\..\Core\Settings\SettingsParser.h">
      <Filter>Header Files</Filter>
    </ClInclude>
    <ClInclude Include="..\..\Core\StringOperations\HashString.h">
      <Filter>Header Files</Filter>
    </ClInclude>
    <ClInclude Include="..\..\Core\StringOperations\StringHelperFunctions.h">
      <Filter>Header Files</Filter>
    </ClInclude>
    <ClInclude Include="..\..\Core\StringOperations\StringTemplate.h">
      <Filter>Header Files</Filter>
    </ClInclude>
    <ClInclude Include="..\..\Core\Thread\Thread.h">
      <Filter>Header Files</Filter>
    </ClInclude>
    <ClInclude Include="..\..\Core\Thread\Timer.h">
      <Filter>Header Files</Filter>
    </ClInclude>
    <ClInclude Include="..\..\Core\Types\TypeHelpers.h">
      <Filter>Header Files</Filter>
    </ClInclude>
    <ClInclude Include="..\..\Core\Types\Types.h">
      <Filter>Header Files</Filter>
    </ClInclude>
    <ClInclude Include="..\..\Gameplay\bbox.h">
      <Filter>Header Files</Filter>
    </ClInclude>
    <ClInclude Include="..\..\Gameplay\box.h">
      <Filter>Header Files</Filter>
    </ClInclude>
    <ClInclude Include="..\..\Gameplay\core.h">
      <Filter>Header Files</Filter>
    </ClInclude>
    <ClInclude Include="..\..\Gameplay\door.h">
      <Filter>Header Files</Filter>
    </ClInclude>
    <ClInclude Include="..\..\Gameplay\EntityManager.h">
      <Filter>Header Files</Filter>
    </ClInclude>
    <ClInclude Include="..\..\Gameplay\face.h">
      <Filter>Header Files</Filter>
    </ClInclude>
    <ClInclude Include="..\..\Gameplay\forcefield.h">
      <Filter>Header Files</Filter>
    </ClInclude>
    <ClInclude Include="..\..\Gameplay\GameObject.h">
      <Filter>Header Files</Filter>
    </ClInclude>
    <ClInclude Include="..\..\Gameplay\GameObjectManager.h">
      <Filter>Header Files</Filter>
    </ClInclude>
    <ClInclude Include="..\..\Gameplay\gunturret.h">
      <Filter>Header Files</Filter>
    </ClInclude>
    <ClInclude Include="..\..\Gameplay\InfinitySphere.h">
      <Filter>Header Files</Filter>
    </ClInclude>
    <ClInclude Include="..\..\Gameplay\laser.h">
      <Filter>Header Files</Filter>
    </ClInclude>
    <ClInclude Include="..\..\Gameplay\LaserManager.h">
      <Filter>Header Files</Filter>
    </ClInclude>
    <ClInclude Include="..\..\Gameplay\particle.h">
      <Filter>Header Files</Filter>
    </ClInclude>
    <ClInclude Include="..\..\Gameplay\particleemitter.h">
      <Filter>Header Files</Filter>
    </ClInclude>
    <ClInclude Include="..\..\Gameplay\particlesystemmanager.h">
      <Filter>Header Files</Filter>
    </ClInclude>
    <ClInclude Include="..\..\Gameplay\plane.h">
      <Filter>Header Files</Filter>
    </ClInclude>
    <ClInclude Include="..\..\Gameplay\player.h">
      <Filter>Header Files</Filter>
    </ClInclude>
    <ClInclude Include="..\..\Gameplay\RKIntegrator.h">
      <Filter>Header Files</Filter>
    </ClInclude>
    <ClInclude Include="..\..\Gameplay\rotatingblades.h">
      <Filter>Header Files</Filter>
    </ClInclude>
    <ClInclude Include="..\..\Gameplay\scorchmark.h">
      <Filter>Header Files</Filter>
    </ClInclude>
    <ClInclude Include="..\..\Gameplay\square.h">
      <Filter>Header Files</Filter>
    </ClInclude>
    <ClInclude Include="..\..\Gameplay\switch.h">
      <Filter>Header Files</Filter>
    </ClInclude>
    <ClInclude Include="..\..\Graphics\Camera.h">
      <Filter>Header Files</Filter>
    </ClInclude>
    <ClInclude Include="..\..\Graphics\CameraManager.h">
      <Filter>Header Files</Filter>
    </ClInclude>
    <ClInclude Include="..\..\Graphics\color.h">
      <Filter>Header Files</Filter>
    </ClInclude>
    <ClInclude Include="..\..\Graphics\CubeMapRenderer.h">
      <Filter>Header Files</Filter>
    </ClInclude>
    <ClInclude Include="..\..\Graphics\D3DDebugHelperFunctions.h">
      <Filter>Header Files</Filter>
    </ClInclude>
    <ClInclude Include="..\..\Graphics\DebugBox.h">
      <Filter>Header Files</Filter>
    </ClInclude>
    <ClInclude Include="..\..\Graphics\DebugHelperFunctions.h">
      <Filter>Header Files</Filter>
    </ClInclude>
    <ClInclude Include="..\..\Graphics\DeviceManager.h">
      <Filter>Header Files</Filter>
    </ClInclude>
    <ClInclude Include="..\..\Graphics\Effect.h">
      <Filter>Header Files</Filter>
    </ClInclude>
    <ClInclude Include="..\..\Graphics\EffectCache.h">
      <Filter>Header Files</Filter>
    </ClInclude>
    <ClInclude Include="..\..\Graphics\Frustum.h">
      <Filter>Header Files</Filter>
    </ClInclude>
    <ClInclude Include="..\..\Graphics\GeometryCache.h">
      <Filter>Header Files</Filter>
    </ClInclude>
    <ClInclude Include="..\..\Graphics\GeometryInstance.h">
      <Filter>Header Files</Filter>
    </ClInclude>
    <ClInclude Include="..\..\Graphics\IndexBuffer.h">
      <Filter>Header Files</Filter>
    </ClInclude>
    <ClInclude Include="..\..\Graphics\interpolatecurveRGBA.h">
      <Filter>Header Files</Filter>
    </ClInclude>
    <ClInclude Include="..\..\Graphics\light.h">
      <Filter>Header Files</Filter>
    </ClInclude>
    <ClInclude Include="..\..\Graphics\LightManager.h">
      <Filter>Header Files</Filter>
    </ClInclude>
    <ClInclude Include="..\..\Graphics\material.h">
      <Filter>Header Files</Filter>
    </ClInclude>
    <ClInclude Include="..\..\Graphics\mesh.h">
      <Filter>Header Files</Filter>
    </ClInclude>
    <ClInclude Include="..\..\Graphics\MeshComponentData.h">
      <Filter>Header Files</Filter>
    </ClInclude>
    <ClInclude Include="..\..\Graphics\MeshGroup.h">
      <Filter>Header Files</Filter>
    </ClInclude>
    <ClInclude Include="..\..\Graphics\Model.h">
      <Filter>Header Files</Filter>
    </ClInclude>
    <ClInclude Include="..\..\Graphics\modelmanager.h">
      <Filter>Header Files</Filter>
    </ClInclude>
    <ClInclude Include="..\..\Graphics\OrientationAxis.h">
      <Filter>Header Files</Filter>
    </ClInclude>
    <ClInclude Include="..\..\Graphics\Renderable.h">
      <Filter>Header Files</Filter>
    </ClInclude>
    <ClInclude Include="..\..\Graphics\RenderInstance.h">
      <Filter>Header Files</Filter>
    </ClInclude>
    <ClInclude Include="..\..\Graphics\RenderSystem.h">
      <Filter>Header Files</Filter>
    </ClInclude>
    <ClInclude Include="..\..\Graphics\ShaderCache.h">
      <Filter>Header Files</Filter>
    </ClInclude>
    <ClInclude Include="..\..\Graphics\ShaderInstance.h">
      <Filter>Header Files</Filter>
    </ClInclude>
    <ClInclude Include="..\..\Graphics\shadermanager.h">
      <Filter>Header Files</Filter>
    </ClInclude>
    <ClInclude Include="..\..\Graphics\ShaderPack.h">
      <Filter>Header Files</Filter>
    </ClInclude>
    <ClInclude Include="..\..\Graphics\Shaders.h">
      <Filter>Header Files</Filter>
    </ClInclude>
    <ClInclude Include="..\..\Graphics\texture.h">
      <Filter>Header Files</Filter>
    </ClInclude>
    <ClInclude Include="..\..\Graphics\texturemanager.h">
      <Filter>Header Files</Filter>
    </ClInclude>
    <ClInclude Include="..\..\Graphics\VertexBuffer.h">
      <Filter>Header Files</Filter>
    </ClInclude>
    <ClInclude Include="..\..\Input\controller.h">
      <Filter>Header Files</Filter>
    </ClInclude>
    <ClInclude Include="..\..\Input\ControllerDefines.h">
      <Filter>Header Files</Filter>
    </ClInclude>
    <ClInclude Include="..\..\Input\IController.h">
      <Filter>Header Files</Filter>
    </ClInclude>
    <ClInclude Include="..\..\Input\Input.h">
      <Filter>Header Files</Filter>
    </ClInclude>
    <ClInclude Include="..\..\Input\InputAction.h">
      <Filter>Header Files</Filter>
    </ClInclude>
    <ClInclude Include="..\..\Input\InputState.h">
      <Filter>Header Files</Filter>
    </ClInclude>
    <ClInclude Include="..\..\Input\InputSystem.h">
      <Filter>Header Files</Filter>
    </ClInclude>
    <ClInclude Include="..\..\Input\keyboard.h">
      <Filter>Header Files</Filter>
    </ClInclude>
    <ClInclude Include="..\..\Input\KeyboardController.h">
      <Filter>Header Files</Filter>
    </ClInclude>
    <ClInclude Include="..\..\Input\MouseControlDefines.h">
      <Filter>Header Files</Filter>
    </ClInclude>
    <ClInclude Include="..\..\Input\MouseController.h">
      <Filter>Header Files</Filter>
    </ClInclude>
    <ClInclude Include="..\..\Input\playbackcontroller.h">
      <Filter>Header Files</Filter>
    </ClInclude>
    <ClInclude Include="..\..\Input\XController.h">
      <Filter>Header Files</Filter>
    </ClInclude>
    <ClInclude Include="..\..\Input\XControllerDefines.h">
      <Filter>Header Files</Filter>
    </ClInclude>
    <ClInclude Include="..\..\Loader\ModelLoaders\AssimpModelLoader.h">
      <Filter>Header Files</Filter>
    </ClInclude>
    <ClInclude Include="..\..\Loader\ModelLoaders\ModelLoader.h">
      <Filter>Header Files</Filter>
    </ClInclude>
    <ClInclude Include="..\..\Loader\ModelLoaders\XMLModelLoader.h">
      <Filter>Header Files</Filter>
    </ClInclude>
    <ClInclude Include="..\..\Loader\MapLoader.h">
      <Filter>Header Files</Filter>
    </ClInclude>
    <ClInclude Include="..\..\Logging\Logger.h">
      <Filter>Header Files</Filter>
    </ClInclude>
    <ClInclude Include="..\..\Math\MathUtilityFunctions.h">
      <Filter>Header Files</Filter>
    </ClInclude>
    <ClInclude Include="..\..\Math\matrix33.h">
      <Filter>Header Files</Filter>
    </ClInclude>
    <ClInclude Include="..\..\Math\matrix44.h">
      <Filter>Header Files</Filter>
    </ClInclude>
    <ClInclude Include="..\..\Math\matrixmath.h">
      <Filter>Header Files</Filter>
    </ClInclude>
    <ClInclude Include="..\..\Math\vector2.h">
      <Filter>Header Files</Filter>
    </ClInclude>
    <ClInclude Include="..\..\Math\vector3.h">
      <Filter>Header Files</Filter>
    </ClInclude>
    <ClInclude Include="..\..\Math\vector4.h">
      <Filter>Header Files</Filter>
    </ClInclude>
    <ClInclude Include="..\..\Memory\AlignMacros.h">
      <Filter>Header Files</Filter>
    </ClInclude>
    <ClInclude Include="..\..\Memory\Allocator.h">
      <Filter>Header Files</Filter>
    </ClInclude>
    <ClInclude Include="..\..\Memory\HeapAllocator.h">
      <Filter>Header Files</Filter>
    </ClInclude>
    <ClInclude Include="..\..\Memory\LinearAllocator.h">
      <Filter>Header Files</Filter>
    </ClInclude>
    <ClInclude Include="..\..\Memory\MemoryArena.h">
      <Filter>Header Files</Filter>
    </ClInclude>
    <ClInclude Include="..\..\Memory\PointerArithmetic.h">
      <Filter>Header Files</Filter>
    </ClInclude>
    <ClInclude Include="..\..\Memory\SlotAllocator.h">
      <Filter>Header Files</Filter>
    </ClInclude>
    <ClInclude Include="..\..\UI\BitmapFont.h">
      <Filter>Header Files</Filter>
    </ClInclude>
    <ClInclude Include="..\..\UI\main.h">
      <Filter>Header Files</Filter>
    </ClInclude>
    <ClInclude Include="..\..\UI\Messages.h">
      <Filter>Header Files</Filter>
    </ClInclude>
    <ClInclude Include="..\..\UI\TextBlock.h">
      <Filter>Header Files</Filter>
    </ClInclude>
    <ClInclude Include="..\..\UI\TextSystem.h">
      <Filter>Header Files</Filter>
    </ClInclude>
    <ClInclude Include="..\..\UI\UIManger.h">
      <Filter>Header Files</Filter>
    </ClInclude>
    <ClInclude Include="..\..\UI\ViewManager.h">
      <Filter>Header Files</Filter>
    </ClInclude>
    <ClInclude Include="..\..\UI\WebkitCommands.h">
      <Filter>Header Files</Filter>
    </ClInclude>
    <ClInclude Include="..\..\UI\WebkitThread.h">
      <Filter>Header Files</Filter>
    </ClInclude>
    <ClInclude Include="..\..\Core\Resource\GameResource.h">
      <Filter>Header Files</Filter>
    </ClInclude>
    <ClInclude Include="..\..\Logging\FileLogger.h">
      <Filter>Header Files</Filter>
    </ClInclude>
    <ClInclude Include="..\..\Graphics\MeshGroupCreator.h">
      <Filter>Header Files</Filter>
    </ClInclude>
    <ClInclude Include="..\..\Loader\ModelLoaders\MmlLoader.h">
      <Filter>Header Files</Filter>
    </ClInclude>
    <ClInclude Include="..\..\Physics\PhysicsManager.h">
      <Filter>Header Files</Filter>
    </ClInclude>
    <ClInclude Include="..\..\Graphics\ShadowMapRenderer.h">
      <Filter>Header Files</Filter>
    </ClInclude>
    <ClInclude Include="..\..\Core\MessageSystem\MessageQueue.h">
      <Filter>Header Files</Filter>
    </ClInclude>
    <ClInclude Include="..\..\Application\UpdateThread.h">
      <Filter>Header Files</Filter>
    </ClInclude>
    <ClInclude Include="..\..\..\SDK\FastDelegate\FastDelegate.h">
      <Filter>Header Files</Filter>
    </ClInclude>
    <ClInclude Include="..\..\..\SDK\FastDelegate\FastDelegateBind.h">
      <Filter>Header Files</Filter>
    </ClInclude>
    <ClInclude Include="..\..\Core\MessageSystem\MessageObserver.h">
      <Filter>Header Files</Filter>
    </ClInclude>
    <ClInclude Include="..\..\Core\Resource\RenderResource.h">
      <Filter>Header Files</Filter>
    </ClInclude>
    <ClInclude Include="..\..\Core\Resource\GameResources.h">
      <Filter>Header Files</Filter>
    </ClInclude>
    <ClInclude Include="..\..\Core\Resource\RenderResources.h">
      <Filter>Header Files</Filter>
    </ClInclude>
    <ClInclude Include="..\..\Core\MessageSystem\Messages.h">
      <Filter>Header Files</Filter>
    </ClInclude>
    <ClInclude Include="..\..\Core\MessageSystem\RenderMessages.h">
      <Filter>Header Files</Filter>
    </ClInclude>
    <ClInclude Include="..\..\Core\MessageSystem\GameMessages.h">
      <Filter>Header Files</Filter>
    </ClInclude>
    <ClInclude Include="..\..\Loader\ResourceLoader.h">
      <Filter>Header Files</Filter>
    </ClInclude>
    <ClInclude Include="..\..\Core\Profiler\ProfilerMacros.h">
      <Filter>Header Files</Filter>
    </ClInclude>
    <ClInclude Include="..\..\Loader\ResourceLoadRequests.h">
      <Filter>Header Files</Filter>
    </ClInclude>
    <ClInclude Include="..\..\Core\Profiler\GPUProfiler.h">
      <Filter>Header Files</Filter>
    </ClInclude>
    <ClInclude Include="..\..\Graphics\D3D11\Profiler\D3D11GPUProfiler.h">
      <Filter>Header Files</Filter>
    </ClInclude>
    <ClInclude Include="..\..\Core\Profiler\PerformanceProfiler.h">
      <Filter>Header Files</Filter>
    </ClInclude>
    <ClInclude Include="..\..\Core\Profiler\EventDescriptor.h">
      <Filter>Header Files</Filter>
    </ClInclude>
    <ClInclude Include="..\..\Core\Profiler\Profiler.h">
      <Filter>Header Files</Filter>
    </ClInclude>
    <ClInclude Include="..\..\Core\Profiler\Event.h">
      <Filter>Header Files</Filter>
    </ClInclude>
    <ClInclude Include="..\..\NodeGraph\GraphNode.h">
      <Filter>Header Files</Filter>
    </ClInclude>
    <ClInclude Include="..\..\NodeGraph\GraphNodePin.h">
      <Filter>Header Files</Filter>
    </ClInclude>
    <ClInclude Include="..\..\NodeGraph\Graph.h">
      <Filter>Header Files</Filter>
    </ClInclude>
    <ClInclude Include="..\..\NodeGraph\Nodes\AddNode.h">
      <Filter>Header Files</Filter>
    </ClInclude>
    <ClInclude Include="..\..\NodeGraph\GraphConnection.h">
      <Filter>Header Files</Filter>
    </ClInclude>
    <ClInclude Include="..\..\NodeGraph\GraphNodeDefinition.h">
      <Filter>Header Files</Filter>
    </ClInclude>
    <ClInclude Include="..\..\NodeGraph\GraphDefinitionReader.h">
      <Filter>Header Files</Filter>
    </ClInclude>
    <ClInclude Include="..\..\NodeGraph\GraphConnectionDefinition.h">
      <Filter>Header Files</Filter>
    </ClInclude>
    <ClInclude Include="..\..\Core\FileSystem\File.h">
      <Filter>Header Files</Filter>
    </ClInclude>
    <ClInclude Include="..\..\Core\FileSystem\FileSystem.h">
      <Filter>Header Files</Filter>
    </ClInclude>
    <ClInclude Include="..\..\Core\FileSystem\MountPoint.h">
      <Filter>Header Files</Filter>
    </ClInclude>
    <ClInclude Include="..\..\Core\FileSystem\Platform\Win\MountPointWin.h">
      <Filter>Header Files</Filter>
    </ClInclude>
    <ClInclude Include="..\..\NodeGraph\NodeFactory.h">
      <Filter>Header Files</Filter>
    </ClInclude>
    <ClInclude Include="..\..\Core\Thread\WorkerThread.h">
      <Filter>Header Files</Filter>
    </ClInclude>
    <ClInclude Include="..\..\Core\Thread\Job.h">
      <Filter>Header Files</Filter>
    </ClInclude>
    <ClInclude Include="..\..\Core\Thread\JobSystem.h">
      <Filter>Header Files</Filter>
    </ClInclude>
    <ClInclude Include="..\..\Loader\ResourceLoadJobs.h">
      <Filter>Header Files</Filter>
    </ClInclude>
    <ClInclude Include="..\..\Graphics\RenderJobs.h">
      <Filter>Header Files</Filter>
    </ClInclude>
    <ClInclude Include="..\..\Loader\WICTTextureLoader.h">
      <Filter>Header Files</Filter>
    </ClInclude>
    <ClInclude Include="..\..\Physics\spatialhashmap.h">
      <Filter>Header Files</Filter>
    </ClInclude>
    <ClInclude Include="..\..\Math\VectorTypes.h">
      <Filter>Header Files</Filter>
    </ClInclude>
    <ClInclude Include="Task.h">
      <Filter>Header Files</Filter>
    </ClInclude>
    <ClInclude Include="..\..\Core\FileSystem\Flags.h">
      <Filter>Header Files</Filter>
    </ClInclude>
    <ClInclude Include="..\..\Graphics\D3D12\DeviceManagerD3D12.h">
      <Filter>Header Files</Filter>
    </ClInclude>
    <ClInclude Include="..\..\Graphics\D3D12\CommandQueue.h">
      <Filter>Header Files</Filter>
    </ClInclude>
    <ClInclude Include="..\..\Graphics\D3D12\PipelineObject.h">
      <Filter>Header Files</Filter>
    </ClInclude>
    <ClInclude Include="..\..\Graphics\D3D12\ConstantBuffer.h">
      <Filter>Header Files</Filter>
    </ClInclude>
    <ClInclude Include="..\..\Generators\astar.h">
      <Filter>Header Files</Filter>
    </ClInclude>
    <ClInclude Include="..\..\Generators\MapGenerator.h">
      <Filter>Header Files</Filter>
    </ClInclude>
    <ClInclude Include="..\..\Math\VectorBySize.h">
      <Filter>Header Files</Filter>
    </ClInclude>
    <ClInclude Include="..\..\Generators\MapGenerator.inl">
      <Filter>Source Files</Filter>
    </ClInclude>
    <ClInclude Include="..\..\Graphics\texture12.h">
      <Filter>Header Files</Filter>
    </ClInclude>
    <ClInclude Include="..\..\Graphics\D3D12\DescriptorHeapManager.h">
      <Filter>Header Files</Filter>
    </ClInclude>
    <ClInclude Include="..\..\Graphics\D3D12\ShaderParamMatcher.h">
      <Filter>Header Files</Filter>
    </ClInclude>
    <ClInclude Include="..\..\Core\ConstructionFactory.h">
      <Filter>Header Files</Filter>
    </ClInclude>
    <ClInclude Include="..\..\Graphics\D3D12\ShaderParameter.h">
      <Filter>Header Files</Filter>
    </ClInclude>
    <ClInclude Include="..\..\Graphics\ShaderDataStructures.h">
      <Filter>Header Files</Filter>
    </ClInclude>
    <ClInclude Include="..\..\Core\Types\TemplateTypeMagic.h">
      <Filter>Header Files</Filter>
    </ClInclude>
    <ClInclude Include="..\..\Core\Macros\PlatformMacros.h">
      <Filter>Header Files</Filter>
    </ClInclude>
    <ClInclude Include="..\..\Gameplay\ECS\DataStore.h">
      <Filter>Header Files</Filter>
    </ClInclude>
    <ClInclude Include="..\..\Gameplay\ECS\Entity.h">
      <Filter>Header Files</Filter>
    </ClInclude>
    <ClInclude Include="..\..\Gameplay\ECS\Processor.h">
      <Filter>Header Files</Filter>
    </ClInclude>
    <ClInclude Include="..\..\Gameplay\ECS\DataTag.h">
      <Filter>Header Files</Filter>
    </ClInclude>
    <ClInclude Include="RenderInterface.h">
      <Filter>Header Files</Filter>
    </ClInclude>
    <ClInclude Include="..\..\Graphics\Shapes\DebugBox.h">
      <Filter>Header Files</Filter>
    </ClInclude>
    <ClInclude Include="..\..\Gameplay\ECS\EntityTagManager.h">
      <Filter>Header Files</Filter>
    </ClInclude>
    <ClInclude Include="..\..\Graphics\RenderInterface.h">
      <Filter>Header Files</Filter>
    </ClInclude>
    <ClInclude Include="..\..\Gameplay\ECS\Component.h">
      <Filter>Header Files</Filter>
    </ClInclude>
    <ClInclude Include="..\..\Gameplay\ECS\Components\ComponentTypeRegistry.h">
      <Filter>Header Files</Filter>
    </ClInclude>
    <ClInclude Include="..\..\Gameplay\ECS\Components\ComponentType.h">
      <Filter>Header Files</Filter>
    </ClInclude>
    <ClInclude Include="..\..\Gameplay\ECS\Components\Components.h">
      <Filter>Header Files</Filter>
    </ClInclude>
    <ClInclude Include="..\..\Gameplay\ECS\Components\MaterialComponent.h">
      <Filter>Header Files</Filter>
    </ClInclude>
    <ClInclude Include="..\..\Gameplay\ECS\Components\TransformComponent.h">
      <Filter>Header Files</Filter>
    </ClInclude>
    <ClInclude Include="..\..\Gameplay\ECS\Systems\HandleMessageSystem.h">
      <Filter>Header Files</Filter>
    </ClInclude>
    <ClInclude Include="..\..\Gameplay\ECS\Systems\RenderableSystem.h">
      <Filter>Header Files</Filter>
    </ClInclude>
    <ClInclude Include="..\..\Gameplay\ECS\System.h">
      <Filter>Header Files</Filter>
    </ClInclude>
    <ClInclude Include="..\..\Core\Hashing\SipHash.h">
      <Filter>Header Files</Filter>
    </ClInclude>
    <ClInclude Include="..\..\Core\Hashing\FNVHash.h">
      <Filter>Header Files</Filter>
    </ClInclude>
    <ClInclude Include="..\..\Gameplay\ECS\Components\PhysicsComponent.h">
      <Filter>Header Files</Filter>
    </ClInclude>
    <ClInclude Include="..\..\Physics\PhysicsProperties.h">
      <Filter>Header Files</Filter>
    </ClInclude>
    <ClInclude Include="..\..\Gameplay\ECS\SystemsManager.h">
      <Filter>Header Files</Filter>
    </ClInclude>
    <ClInclude Include="..\..\Core\Serialization\Archive.h">
      <Filter>Header Files</Filter>
    </ClInclude>
    <ClInclude Include="..\..\Core\Serialization\ISerializable.h">
      <Filter>Header Files</Filter>
    </ClInclude>
    <ClInclude Include="..\..\Core\Serialization\SerializationRegister.h">
      <Filter>Header Files</Filter>
    </ClInclude>
    <ClInclude Include="..\..\Graphics\D3D12\ShaderCompiler.h">
      <Filter>Header Files</Filter>
    </ClInclude>
    <ClInclude Include="..\..\..\bin\Shaders\Shaders\BindlessBuffers.h">
      <Filter>Header Files</Filter>
    </ClInclude>
    <ClInclude Include="..\..\Graphics\D3D12\StructuredBuffer.h">
      <Filter>Header Files</Filter>
    </ClInclude>
    <ClInclude Include="..\..\Graphics\Model\MeshHelperFunctions.h">
      <Filter>Header Files</Filter>
    </ClInclude>
    <ClInclude Include="..\..\Graphics\RenderGraph\Pass.h">
      <Filter>Header Files</Filter>
    </ClInclude>
    <ClInclude Include="..\..\Graphics\D3D12\MultithreadedCommandlistManager.h">
      <Filter>Header Files</Filter>
    </ClInclude>
    <ClInclude Include="..\..\Core\Types\FunctionWrapper.h">
      <Filter>Header Files</Filter>
    </ClInclude>
    <ClInclude Include="..\..\Math\Assimp\AssimpMathHelpers.h">
      <Filter>Header Files</Filter>
    </ClInclude>
    <ClInclude Include="..\..\Graphics\RenderGraph\DependencyTree.h">
      <Filter>Header Files</Filter>
    </ClInclude>
    <ClInclude Include="..\..\Graphics\AssetLoaders\TexturePackLoader.h">
      <Filter>Header Files</Filter>
    </ClInclude>
    <ClInclude Include="..\..\Graphics\RenderGraph\ResourceDescriptor.h">
      <Filter>Header Files</Filter>
    </ClInclude>
    <ClInclude Include="..\..\Graphics\RenderGraph\RenderGraph.h">
      <Filter>Header Files</Filter>
    </ClInclude>
    <ClInclude Include="..\..\Core\Types\TypeErasedStorage.h">
      <Filter>Header Files</Filter>
    </ClInclude>
    <ClInclude Include="..\..\UI\Transistion.h">
      <Filter>Header Files</Filter>
    </ClInclude>
    <ClInclude Include="..\..\UI\Core\FlowManager.h">
      <Filter>Header Files</Filter>
    </ClInclude>
    <ClInclude Include="..\..\UI\Core\StateManager.h">
      <Filter>Header Files</Filter>
    </ClInclude>
    <ClInclude Include="..\..\UI\Rendering\Element.h">
      <Filter>Header Files</Filter>
    </ClInclude>
    <ClInclude Include="..\..\UI\Rendering\ElementManager.h">
      <Filter>Header Files</Filter>
    </ClInclude>
    <ClInclude Include="..\..\UI\Rendering\Elements.h">
      <Filter>Header Files</Filter>
    </ClInclude>
    <ClInclude Include="..\..\UI\Core\Item.h">
      <Filter>Header Files</Filter>
    </ClInclude>
    <ClInclude Include="..\..\UI\Core\Behaviours\Behaviour.h">
      <Filter>Header Files</Filter>
    </ClInclude>
    <ClInclude Include="..\..\UI\Core\States\State.h">
      <Filter>Header Files</Filter>
    </ClInclude>
    <ClInclude Include="..\..\UI\Core\States\Screen.h">
      <Filter>Header Files</Filter>
    </ClInclude>
    <ClInclude Include="..\..\UI\Core\States\Registry\StateRegistry.h">
      <Filter>Header Files</Filter>
    </ClInclude>
    <ClInclude Include="..\..\UI\Core\States\Registry\StateType.h">
      <Filter>Header Files</Filter>
    </ClInclude>
    <ClInclude Include="..\..\UI\Core\Behaviours\Registry\BehaviourRegistry.h">
      <Filter>Header Files</Filter>
    </ClInclude>
    <ClInclude Include="..\..\UI\Core\Behaviours\Registry\BehaviourType.h">
      <Filter>Header Files</Filter>
    </ClInclude>
    <ClInclude Include="..\..\UI\Core\States\States.h">
      <Filter>Header Files</Filter>
    </ClInclude>
    <ClInclude Include="..\..\UI\Core\Behaviours\behaviours.h">
      <Filter>Header Files</Filter>
    </ClInclude>
    <ClInclude Include="..\..\UI\Rendering\ElementRegistry\ElementRegistry.h">
      <Filter>Header Files</Filter>
    </ClInclude>
    <ClInclude Include="..\..\UI\Rendering\ElementRegistry\ElementType.h">
      <Filter>Header Files</Filter>
    </ClInclude>
    <ClInclude Include="..\..\UI\Core\Navigation.h">
      <Filter>Header Files</Filter>
    </ClInclude>
    <ClInclude Include="..\..\Input\FE\NavigationActions.h">
      <Filter>Header Files</Filter>
    </ClInclude>
    <ClInclude Include="..\..\UI\Core\Behaviours\StaticText.h">
      <Filter>Header Files</Filter>
    </ClInclude>
    <ClInclude Include="..\..\UI\Core\Localisation\LocalisationId.h">
      <Filter>Header Files</Filter>
    </ClInclude>
    <ClInclude Include="..\..\UI\Core\Behaviours\SelectObject.h">
      <Filter>Header Files</Filter>
    </ClInclude>
    <ClInclude Include="..\..\UI\Utils\DirtyValue.h">
      <Filter>Header Files</Filter>
    </ClInclude>
    <ClInclude Include="..\..\UI\Rendering\Elements\SelectElement.h">
      <Filter>Header Files</Filter>
    </ClInclude>
    <ClInclude Include="..\..\Core\Settings\NewSetting.h">
      <Filter>Header Files</Filter>
    </ClInclude>
    <ClInclude Include="..\..\Core\Serialization\SeriaisationTypeWrapper.h">
      <Filter>Header Files</Filter>
    </ClInclude>
    <ClInclude Include="..\..\Core\Serialization\SerialisationType.h">
      <Filter>Header Files</Filter>
    </ClInclude>
    <ClInclude Include="..\..\Core\Serialization\DefaultSerialisationWrapper.h">
      <Filter>Header Files</Filter>
    </ClInclude>
    <ClInclude Include="..\..\Core\StringOperations\StringFormat.h">
      <Filter>Header Files</Filter>
    </ClInclude>
    <ClInclude Include="..\..\Logging\LoggingFunctions.h">
      <Filter>Header Files</Filter>
    </ClInclude>
    <ClInclude Include="..\..\Logging\LoggingMacros.h">
      <Filter>Header Files</Filter>
    </ClInclude>
    <ClInclude Include="..\..\Graphics\Technique.h">
      <Filter>Header Files</Filter>
    </ClInclude>
    <ClInclude Include="..\..\Graphics\CameraMiscUtils.h">
      <Filter>Header Files</Filter>
    </ClInclude>
    <ClInclude Include="..\..\..\bin\Shaders\Shaders\Shared\CommonStructures.h">
      <Filter>Header Files</Filter>
    </ClInclude>
    <ClInclude Include="..\..\..\SDK\imgui\imstb_rectpack.h">
      <Filter>Header Files</Filter>
    </ClInclude>
    <ClInclude Include="..\..\..\SDK\imgui\imstb_textedit.h">
      <Filter>Header Files</Filter>
    </ClInclude>
    <ClInclude Include="..\..\..\SDK\imgui\imstb_truetype.h">
      <Filter>Header Files</Filter>
    </ClInclude>
    <ClInclude Include="..\..\..\SDK\imgui\misc\cpp\imgui_stdlib.h">
      <Filter>Header Files</Filter>
    </ClInclude>
    <ClInclude Include="..\..\..\SDK\imgui\backends\imgui_impl_dx12.h">
      <Filter>Header Files</Filter>
    </ClInclude>
    <ClInclude Include="..\..\Core\CommandLine\CommandLine.h">
      <Filter>Header Files</Filter>
    </ClInclude>
    <ClInclude Include="..\..\Core\CommandLine\CommandToken.h">
      <Filter>Header Files</Filter>
    </ClInclude>
    <ClInclude Include="..\..\Debugging\DebugImgui.h">
      <Filter>Header Files</Filter>
    </ClInclude>
    <ClInclude Include="..\..\..\SDK\imgui\backends\imgui_impl_win32.h">
      <Filter>Header Files</Filter>
    </ClInclude>
    <ClInclude Include="..\..\Debugging\DebugImguiTypeHelpers.h">
      <Filter>Header Files</Filter>
    </ClInclude>
    <ClInclude Include="..\..\Loader\LevelLoader.h">
      <Filter>Header Files</Filter>
    </ClInclude>
    <ClInclude Include="..\..\Gameplay\Level.h">
      <Filter>Header Files</Filter>
    </ClInclude>
    <ClInclude Include="..\..\Gameplay\ECS\Components\MaterialRef.h">
      <Filter>Header Files</Filter>
    </ClInclude>
    <ClInclude Include="..\..\Gameplay\ECS\Components\ModelComponent.h">
      <Filter>Header Files</Filter>
    </ClInclude>
    <ClInclude Include="..\..\Gameplay\ECS\Components\LinkedEntityComponent.h">
      <Filter>Header Files</Filter>
    </ClInclude>
    <ClInclude Include="..\..\Gameplay\ECS\Components\LockedToPlayerPositionComponent.h">
      <Filter>Header Files</Filter>
    </ClInclude>
    <ClInclude Include="..\..\Gameplay\ECS\Components\FireLasersComponent.h">
      <Filter>Header Files</Filter>
    </ClInclude>
  </ItemGroup>
  <ItemGroup>
    <ClCompile Include="..\..\Application\BaseApplication.cpp">
      <Filter>Source Files</Filter>
    </ClCompile>
    <ClCompile Include="..\..\Application\displaywindow.cpp">
      <Filter>Source Files</Filter>
    </ClCompile>
    <ClCompile Include="..\..\Application\GameWindow.cpp">
      <Filter>Source Files</Filter>
    </ClCompile>
    <ClCompile Include="..\..\Core\Paths.cpp">
      <Filter>Source Files</Filter>
    </ClCompile>
    <ClCompile Include="..\..\Core\tinyxml2.cpp">
      <Filter>Source Files</Filter>
    </ClCompile>
    <ClCompile Include="..\..\Core\Resource\Resourceable.cpp">
      <Filter>Source Files</Filter>
    </ClCompile>
    <ClCompile Include="..\..\Core\Settings\Settings.cpp">
      <Filter>Source Files</Filter>
    </ClCompile>
    <ClCompile Include="..\..\Core\Settings\SettingsManager.cpp">
      <Filter>Source Files</Filter>
    </ClCompile>
    <ClCompile Include="..\..\Core\Settings\SettingsParser.cpp">
      <Filter>Source Files</Filter>
    </ClCompile>
    <ClCompile Include="..\..\Core\StringOperations\StringHelperFunctions.cpp">
      <Filter>Source Files</Filter>
    </ClCompile>
    <ClCompile Include="..\..\Core\StringOperations\StringTemplate.cpp">
      <Filter>Source Files</Filter>
    </ClCompile>
    <ClCompile Include="..\..\Core\Thread\Thread.cpp">
      <Filter>Source Files</Filter>
    </ClCompile>
    <ClCompile Include="..\..\Core\Thread\Timer.cpp">
      <Filter>Source Files</Filter>
    </ClCompile>
    <ClCompile Include="..\..\Gameplay\bbox.cpp">
      <Filter>Source Files</Filter>
    </ClCompile>
    <ClCompile Include="..\..\Gameplay\box.cpp">
      <Filter>Source Files</Filter>
    </ClCompile>
    <ClCompile Include="..\..\Gameplay\core.cpp">
      <Filter>Source Files</Filter>
    </ClCompile>
    <ClCompile Include="..\..\Gameplay\door.cpp">
      <Filter>Source Files</Filter>
    </ClCompile>
    <ClCompile Include="..\..\Gameplay\EntityManager.cpp">
      <Filter>Source Files</Filter>
    </ClCompile>
    <ClCompile Include="..\..\Gameplay\face.cpp">
      <Filter>Source Files</Filter>
    </ClCompile>
    <ClCompile Include="..\..\Gameplay\forcefield.cpp">
      <Filter>Source Files</Filter>
    </ClCompile>
    <ClCompile Include="..\..\Gameplay\GameObject.cpp">
      <Filter>Source Files</Filter>
    </ClCompile>
    <ClCompile Include="..\..\Gameplay\GameObjectManager.cpp">
      <Filter>Source Files</Filter>
    </ClCompile>
    <ClCompile Include="..\..\Gameplay\gunturret.cpp">
      <Filter>Source Files</Filter>
    </ClCompile>
    <ClCompile Include="..\..\Gameplay\InfinitySphere.cpp">
      <Filter>Source Files</Filter>
    </ClCompile>
    <ClCompile Include="..\..\Gameplay\laser.cpp">
      <Filter>Source Files</Filter>
    </ClCompile>
    <ClCompile Include="..\..\Gameplay\LaserManager.cpp">
      <Filter>Source Files</Filter>
    </ClCompile>
    <ClCompile Include="..\..\Gameplay\particle.cpp">
      <Filter>Source Files</Filter>
    </ClCompile>
    <ClCompile Include="..\..\Gameplay\particleemitter.cpp">
      <Filter>Source Files</Filter>
    </ClCompile>
    <ClCompile Include="..\..\Gameplay\particlesystemmanager.cpp">
      <Filter>Source Files</Filter>
    </ClCompile>
    <ClCompile Include="..\..\Gameplay\plane.cpp">
      <Filter>Source Files</Filter>
    </ClCompile>
    <ClCompile Include="..\..\Gameplay\player.cpp">
      <Filter>Source Files</Filter>
    </ClCompile>
    <ClCompile Include="..\..\Gameplay\RKIntegrator.cpp">
      <Filter>Source Files</Filter>
    </ClCompile>
    <ClCompile Include="..\..\Gameplay\rotatingblades.cpp">
      <Filter>Source Files</Filter>
    </ClCompile>
    <ClCompile Include="..\..\Gameplay\scorchmark.cpp">
      <Filter>Source Files</Filter>
    </ClCompile>
    <ClCompile Include="..\..\Gameplay\square.cpp">
      <Filter>Source Files</Filter>
    </ClCompile>
    <ClCompile Include="..\..\Gameplay\switch.cpp">
      <Filter>Source Files</Filter>
    </ClCompile>
    <ClCompile Include="..\..\Graphics\Camera.cpp">
      <Filter>Source Files</Filter>
    </ClCompile>
    <ClCompile Include="..\..\Graphics\CameraManager.cpp">
      <Filter>Source Files</Filter>
    </ClCompile>
    <ClCompile Include="..\..\Graphics\color.cpp">
      <Filter>Source Files</Filter>
    </ClCompile>
    <ClCompile Include="..\..\Graphics\CubeMapRenderer.cpp">
      <Filter>Source Files</Filter>
    </ClCompile>
    <ClCompile Include="..\..\Graphics\DebugBox.cpp">
      <Filter>Source Files</Filter>
    </ClCompile>
    <ClCompile Include="..\..\Graphics\DeviceManager.cpp">
      <Filter>Source Files</Filter>
    </ClCompile>
    <ClCompile Include="..\..\Graphics\Effect.cpp">
      <Filter>Source Files</Filter>
    </ClCompile>
    <ClCompile Include="..\..\Graphics\EffectCache.cpp">
      <Filter>Source Files</Filter>
    </ClCompile>
    <ClCompile Include="..\..\Graphics\Frustum.cpp">
      <Filter>Source Files</Filter>
    </ClCompile>
    <ClCompile Include="..\..\Graphics\GeometryCache.cpp">
      <Filter>Source Files</Filter>
    </ClCompile>
    <ClCompile Include="..\..\Graphics\IndexBuffer.cpp">
      <Filter>Source Files</Filter>
    </ClCompile>
    <ClCompile Include="..\..\Graphics\light.cpp">
      <Filter>Source Files</Filter>
    </ClCompile>
    <ClCompile Include="..\..\Graphics\LightManager.cpp">
      <Filter>Source Files</Filter>
    </ClCompile>
    <ClCompile Include="..\..\Graphics\material.cpp">
      <Filter>Source Files</Filter>
    </ClCompile>
    <ClCompile Include="..\..\Graphics\mesh.cpp">
      <Filter>Source Files</Filter>
    </ClCompile>
    <ClCompile Include="..\..\Graphics\MeshGroup.cpp">
      <Filter>Source Files</Filter>
    </ClCompile>
    <ClCompile Include="..\..\Graphics\modelmanager.cpp">
      <Filter>Source Files</Filter>
    </ClCompile>
    <ClCompile Include="..\..\Graphics\OrientationAxis.cpp">
      <Filter>Source Files</Filter>
    </ClCompile>
    <ClCompile Include="..\..\Graphics\Renderable.cpp">
      <Filter>Source Files</Filter>
    </ClCompile>
    <ClCompile Include="..\..\Graphics\RenderInstance.cpp">
      <Filter>Source Files</Filter>
    </ClCompile>
    <ClCompile Include="..\..\Graphics\RenderSystem.cpp">
      <Filter>Source Files</Filter>
    </ClCompile>
    <ClCompile Include="..\..\Graphics\ShaderCache.cpp">
      <Filter>Source Files</Filter>
    </ClCompile>
    <ClCompile Include="..\..\Graphics\shadermanager.cpp">
      <Filter>Source Files</Filter>
    </ClCompile>
    <ClCompile Include="..\..\Graphics\ShaderPack.cpp">
      <Filter>Source Files</Filter>
    </ClCompile>
    <ClCompile Include="..\..\Graphics\Shaders.cpp">
      <Filter>Source Files</Filter>
    </ClCompile>
    <ClCompile Include="..\..\Graphics\texture.cpp">
      <Filter>Source Files</Filter>
    </ClCompile>
    <ClCompile Include="..\..\Graphics\texturemanager.cpp">
      <Filter>Source Files</Filter>
    </ClCompile>
    <ClCompile Include="..\..\Graphics\VertexBuffer.cpp">
      <Filter>Source Files</Filter>
    </ClCompile>
    <ClCompile Include="..\..\Input\controller.cpp">
      <Filter>Source Files</Filter>
    </ClCompile>
    <ClCompile Include="..\..\Input\IController.cpp">
      <Filter>Source Files</Filter>
    </ClCompile>
    <ClCompile Include="..\..\Input\Input.cpp">
      <Filter>Source Files</Filter>
    </ClCompile>
    <ClCompile Include="..\..\Input\InputState.cpp">
      <Filter>Source Files</Filter>
    </ClCompile>
    <ClCompile Include="..\..\Input\InputSystem.cpp">
      <Filter>Source Files</Filter>
    </ClCompile>
    <ClCompile Include="..\..\Input\keyboard.cpp">
      <Filter>Source Files</Filter>
    </ClCompile>
    <ClCompile Include="..\..\Input\KeyboardController.cpp">
      <Filter>Source Files</Filter>
    </ClCompile>
    <ClCompile Include="..\..\Input\MouseControlDefines.cpp">
      <Filter>Source Files</Filter>
    </ClCompile>
    <ClCompile Include="..\..\Input\MouseController.cpp">
      <Filter>Source Files</Filter>
    </ClCompile>
    <ClCompile Include="..\..\Input\playbackcontroller.cpp">
      <Filter>Source Files</Filter>
    </ClCompile>
    <ClCompile Include="..\..\Input\XController.cpp">
      <Filter>Source Files</Filter>
    </ClCompile>
    <ClCompile Include="..\..\Input\XControllerDefines.cpp">
      <Filter>Source Files</Filter>
    </ClCompile>
    <ClCompile Include="..\..\Loader\ModelLoaders\AssimpModelLoader.cpp">
      <Filter>Source Files</Filter>
    </ClCompile>
    <ClCompile Include="..\..\Loader\ModelLoaders\ModelLoader.cpp">
      <Filter>Source Files</Filter>
    </ClCompile>
    <ClCompile Include="..\..\Loader\ModelLoaders\XMLModelLoader.cpp">
      <Filter>Source Files</Filter>
    </ClCompile>
    <ClCompile Include="..\..\Loader\MapLoader.cpp">
      <Filter>Source Files</Filter>
    </ClCompile>
    <ClCompile Include="..\..\Logging\Logger.cpp">
      <Filter>Source Files</Filter>
    </ClCompile>
    <ClCompile Include="..\..\Math\matrix33.cpp">
      <Filter>Source Files</Filter>
    </ClCompile>
    <ClCompile Include="..\..\Math\matrix44.cpp">
      <Filter>Source Files</Filter>
    </ClCompile>
    <ClCompile Include="..\..\Math\matrixmath.cpp">
      <Filter>Source Files</Filter>
    </ClCompile>
    <ClCompile Include="..\..\Math\vector2.cpp">
      <Filter>Source Files</Filter>
    </ClCompile>
    <ClCompile Include="..\..\Math\vector3.cpp">
      <Filter>Source Files</Filter>
    </ClCompile>
    <ClCompile Include="..\..\Math\vector4.cpp">
      <Filter>Source Files</Filter>
    </ClCompile>
    <ClCompile Include="..\..\Memory\Allocator.cpp">
      <Filter>Source Files</Filter>
    </ClCompile>
    <ClCompile Include="..\..\UI\BitmapFont.cpp">
      <Filter>Source Files</Filter>
    </ClCompile>
    <ClCompile Include="..\..\UI\Messages.cpp">
      <Filter>Source Files</Filter>
    </ClCompile>
    <ClCompile Include="..\..\UI\TextBlock.cpp">
      <Filter>Source Files</Filter>
    </ClCompile>
    <ClCompile Include="..\..\UI\TextSystem.cpp">
      <Filter>Source Files</Filter>
    </ClCompile>
    <ClCompile Include="..\..\UI\UIManger.cpp">
      <Filter>Source Files</Filter>
    </ClCompile>
    <ClCompile Include="..\..\UI\ViewManager.cpp">
      <Filter>Source Files</Filter>
    </ClCompile>
    <ClCompile Include="..\..\UI\WebkitThread.cpp">
      <Filter>Source Files</Filter>
    </ClCompile>
    <ClCompile Include="..\..\Core\Resource\GameResource.cpp">
      <Filter>Source Files</Filter>
    </ClCompile>
    <ClCompile Include="..\..\Logging\FileLogger.cpp">
      <Filter>Source Files</Filter>
    </ClCompile>
    <ClCompile Include="..\..\Graphics\MeshGroupCreator.cpp">
      <Filter>Source Files</Filter>
    </ClCompile>
    <ClCompile Include="..\..\Loader\ModelLoaders\MmlLoader.cpp">
      <Filter>Source Files</Filter>
    </ClCompile>
    <ClCompile Include="..\..\Physics\PhysicsManager.cpp">
      <Filter>Source Files</Filter>
    </ClCompile>
    <ClCompile Include="..\..\Graphics\ShadowMapRenderer.cpp">
      <Filter>Source Files</Filter>
    </ClCompile>
    <ClCompile Include="..\..\Application\UpdateThread.cpp">
      <Filter>Source Files</Filter>
    </ClCompile>
    <ClCompile Include="..\..\Core\MessageSystem\MessageObserver.cpp">
      <Filter>Source Files</Filter>
    </ClCompile>
    <ClCompile Include="..\..\Loader\ResourceLoader.cpp">
      <Filter>Source Files</Filter>
    </ClCompile>
    <ClCompile Include="..\..\Graphics\ShaderInstance.cpp">
      <Filter>Source Files</Filter>
    </ClCompile>
    <ClCompile Include="..\..\Graphics\D3D11\Profiler\D3D11GPUProfiler.cpp">
      <Filter>Source Files</Filter>
    </ClCompile>
    <ClCompile Include="..\..\Core\Profiler\EventDescriptor.cpp">
      <Filter>Source Files</Filter>
    </ClCompile>
    <ClCompile Include="..\..\Core\Profiler\Profiler.cpp">
      <Filter>Source Files</Filter>
    </ClCompile>
    <ClCompile Include="..\..\Core\Profiler\Event.cpp">
      <Filter>Source Files</Filter>
    </ClCompile>
    <ClCompile Include="..\..\NodeGraph\GraphNode.cpp">
      <Filter>Source Files</Filter>
    </ClCompile>
    <ClCompile Include="..\..\NodeGraph\GraphNodePin.cpp">
      <Filter>Source Files</Filter>
    </ClCompile>
    <ClCompile Include="..\..\NodeGraph\Graph.cpp">
      <Filter>Source Files</Filter>
    </ClCompile>
    <ClCompile Include="..\..\NodeGraph\Nodes\AddNode.cpp">
      <Filter>Source Files</Filter>
    </ClCompile>
    <ClCompile Include="..\..\NodeGraph\GraphConnection.cpp">
      <Filter>Source Files</Filter>
    </ClCompile>
    <ClCompile Include="..\..\NodeGraph\GraphNodeDefinition.cpp">
      <Filter>Source Files</Filter>
    </ClCompile>
    <ClCompile Include="..\..\NodeGraph\GraphDefinitionReader.cpp">
      <Filter>Source Files</Filter>
    </ClCompile>
    <ClCompile Include="..\..\NodeGraph\GraphConnectionDefinition.cpp">
      <Filter>Source Files</Filter>
    </ClCompile>
    <ClCompile Include="..\..\Core\FileSystem\Platform\Win\MountPointWin.cpp">
      <Filter>Source Files</Filter>
    </ClCompile>
    <ClCompile Include="..\..\Core\FileSystem\FileSystem.cpp">
      <Filter>Source Files</Filter>
    </ClCompile>
    <ClCompile Include="..\..\NodeGraph\NodeFactory.cpp">
      <Filter>Source Files</Filter>
    </ClCompile>
    <ClCompile Include="..\..\Core\Thread\Job.cpp">
      <Filter>Source Files</Filter>
    </ClCompile>
    <ClCompile Include="..\..\Core\Thread\JobSystem.cpp">
      <Filter>Source Files</Filter>
    </ClCompile>
    <ClCompile Include="..\..\Core\Thread\WorkerThread.cpp">
      <Filter>Source Files</Filter>
    </ClCompile>
    <ClCompile Include="..\..\Loader\ResourceLoadJobs.cpp">
      <Filter>Source Files</Filter>
    </ClCompile>
    <ClCompile Include="..\..\Graphics\RenderJobs.cpp">
      <Filter>Source Files</Filter>
    </ClCompile>
    <ClCompile Include="..\..\Loader\WICTTextureLoader.cpp">
      <Filter>Source Files</Filter>
    </ClCompile>
    <ClCompile Include="..\..\Core\FileSystem\Platform\Win\FileWin.cpp">
      <Filter>Source Files</Filter>
    </ClCompile>
    <ClCompile Include="..\..\Graphics\D3D12\DeviceManagerD3D12.cpp">
      <Filter>Source Files</Filter>
    </ClCompile>
    <ClCompile Include="..\..\Graphics\D3D12\CommandQueue.cpp">
      <Filter>Source Files</Filter>
    </ClCompile>
    <ClCompile Include="..\..\Graphics\D3D12\PipelineObject.cpp">
      <Filter>Source Files</Filter>
    </ClCompile>
    <ClCompile Include="..\..\Graphics\D3D12\ConstantBuffer.cpp">
      <Filter>Source Files</Filter>
    </ClCompile>
    <ClCompile Include="..\..\Generators\astar.cpp">
      <Filter>Source Files</Filter>
    </ClCompile>
    <ClCompile Include="..\..\Generators\MapGenerator.cpp">
      <Filter>Source Files</Filter>
    </ClCompile>
    <ClCompile Include="..\..\Graphics\texture12.cpp">
      <Filter>Source Files</Filter>
    </ClCompile>
    <ClCompile Include="..\..\Graphics\D3D12\DescriptorHeapManager.cpp">
      <Filter>Source Files</Filter>
    </ClCompile>
    <ClCompile Include="..\..\Graphics\D3D12\ShaderParamMatcher.cpp">
      <Filter>Source Files</Filter>
    </ClCompile>
    <ClCompile Include="..\..\Core\ConstructionFactory.cpp">
      <Filter>Source Files</Filter>
    </ClCompile>
    <ClCompile Include="..\..\Graphics\D3D12\ShaderParameter.cpp">
      <Filter>Source Files</Filter>
    </ClCompile>
    <ClCompile Include="..\..\Gameplay\ECS\Entity.cpp">
      <Filter>Source Files</Filter>
    </ClCompile>
    <ClCompile Include="..\..\Gameplay\ECS\DataStore.cpp">
      <Filter>Source Files</Filter>
    </ClCompile>
    <ClCompile Include="..\..\Gameplay\ECS\EntityTagManager.cpp">
      <Filter>Source Files</Filter>
    </ClCompile>
    <ClCompile Include="..\..\Graphics\D3D12\ConstantBufferManager.cpp">
      <Filter>Source Files</Filter>
    </ClCompile>
    <ClCompile Include="..\..\Core\Thread\Task.cpp">
      <Filter>Source Files</Filter>
    </ClCompile>
    <ClCompile Include="..\..\Gameplay\ECS\Component.cpp">
      <Filter>Source Files</Filter>
    </ClCompile>
    <ClCompile Include="..\..\Gameplay\ECS\Components\ComponentType.cpp">
      <Filter>Source Files</Filter>
    </ClCompile>
    <ClCompile Include="..\..\Gameplay\ECS\Components\ComponentTypeRegistry.cpp">
      <Filter>Source Files</Filter>
    </ClCompile>
    <ClCompile Include="..\..\Gameplay\ECS\Systems\HandleMessageSystem.cpp">
      <Filter>Source Files</Filter>
    </ClCompile>
    <ClCompile Include="..\..\Gameplay\ECS\Systems\RenderableSystem.cpp">
      <Filter>Source Files</Filter>
    </ClCompile>
    <ClCompile Include="..\..\Core\Hashing\SipHash.cpp">
      <Filter>Source Files</Filter>
    </ClCompile>
    <ClCompile Include="..\..\Core\Hashing\FNVHash.cpp">
      <Filter>Source Files</Filter>
    </ClCompile>
    <ClCompile Include="..\..\Gameplay\ECS\Components\PhysicsComponent.cpp">
      <Filter>Source Files</Filter>
    </ClCompile>
    <ClCompile Include="..\..\Gameplay\ECS\SystemsManager.cpp">
      <Filter>Source Files</Filter>
    </ClCompile>
    <ClCompile Include="..\..\Graphics\D3D12\ShaderCompiler.cpp">
      <Filter>Source Files</Filter>
    </ClCompile>
    <ClCompile Include="..\..\Graphics\D3D12\StructuredBuffer.cpp">
      <Filter>Source Files</Filter>
    </ClCompile>
    <ClCompile Include="..\..\Graphics\D3D12\MultithreadedCommandlistManager.cpp">
      <Filter>Source Files</Filter>
    </ClCompile>
    <ClCompile Include="..\..\Graphics\AssetLoaders\TexturePackLoader.cpp">
      <Filter>Source Files</Filter>
    </ClCompile>
    <ClCompile Include="..\..\Graphics\RenderGraph\Pass.cpp">
      <Filter>Source Files</Filter>
    </ClCompile>
    <ClCompile Include="..\..\Graphics\RenderGraph\RenderGraph.cpp">
      <Filter>Source Files</Filter>
    </ClCompile>
    <ClCompile Include="..\..\UI\Rendering\ElementManager.cpp">
      <Filter>Source Files</Filter>
    </ClCompile>
    <ClCompile Include="..\..\UI\Core\StateManager.cpp">
      <Filter>Source Files</Filter>
    </ClCompile>
    <ClCompile Include="..\..\UI\Core\States\State.cpp">
      <Filter>Source Files</Filter>
    </ClCompile>
    <ClCompile Include="..\..\UI\Core\Navigation.cpp">
      <Filter>Source Files</Filter>
    </ClCompile>
    <ClCompile Include="..\..\UI\Core\States\Screen.cpp">
      <Filter>Source Files</Filter>
    </ClCompile>
    <ClCompile Include="..\..\Input\FE\NavigationActions.cpp">
      <Filter>Source Files</Filter>
    </ClCompile>
    <ClCompile Include="..\..\UI\Core\Item.cpp">
      <Filter>Source Files</Filter>
    </ClCompile>
    <ClCompile Include="..\..\UI\Core\Behaviours\StaticText.cpp">
      <Filter>Source Files</Filter>
    </ClCompile>
    <ClCompile Include="..\..\UI\Core\Behaviours\SelectObject.cpp">
      <Filter>Source Files</Filter>
    </ClCompile>
    <ClCompile Include="..\..\UI\Core\FlowManager.cpp">
      <Filter>Source Files</Filter>
    </ClCompile>
    <ClCompile Include="..\..\UI\Rendering\Elements\SelectElement.cpp">
      <Filter>Source Files</Filter>
    </ClCompile>
    <ClCompile Include="..\..\..\SDK\microprofile\microprofile.cpp">
      <Filter>Source Files</Filter>
    </ClCompile>
    <ClCompile Include="..\..\Logging\LoggingFunctions.cpp">
      <Filter>Source Files</Filter>
    </ClCompile>
    <ClCompile Include="..\..\Graphics\Technique.cpp">
      <Filter>Source Files</Filter>
    </ClCompile>
    <ClCompile Include="..\..\..\SDK\imgui\imgui.cpp">
      <Filter>Source Files</Filter>
    </ClCompile>
    <ClCompile Include="..\..\..\SDK\imgui\imgui_draw.cpp">
      <Filter>Source Files</Filter>
    </ClCompile>
    <ClCompile Include="..\..\..\SDK\imgui\imgui_tables.cpp">
      <Filter>Source Files</Filter>
    </ClCompile>
    <ClCompile Include="..\..\..\SDK\imgui\imgui_widgets.cpp">
      <Filter>Source Files</Filter>
    </ClCompile>
    <ClCompile Include="..\..\..\SDK\imgui\misc\cpp\imgui_stdlib.cpp">
      <Filter>Source Files</Filter>
    </ClCompile>
    <ClCompile Include="..\..\..\SDK\imgui\backends\imgui_impl_dx12.cpp">
      <Filter>Source Files</Filter>
    </ClCompile>
    <ClCompile Include="..\..\Core\CommandLine\CommandLine.cpp">
      <Filter>Source Files</Filter>
    </ClCompile>
    <ClCompile Include="..\..\Debugging\DebugImgui.cpp">
      <Filter>Source Files</Filter>
    </ClCompile>
    <ClCompile Include="..\..\..\SDK\imgui\backends\imgui_impl_win32.cpp">
      <Filter>Source Files</Filter>
    </ClCompile>
    <ClCompile Include="..\..\Loader\LevelLoader.cpp">
      <Filter>Source Files</Filter>
    </ClCompile>
    <ClCompile Include="..\..\Gameplay\Level.cpp">
      <Filter>Source Files</Filter>
    </ClCompile>
  </ItemGroup>
  <ItemGroup>
    <None Include="..\..\Core\StringOperations\StringTemplate.inl">
      <Filter>Header Files</Filter>
    </None>
    <None Include="..\..\..\bin\Maps\Entrance.dat">
      <Filter>Resource Files</Filter>
    </None>
    <None Include="packages.config" />
    <None Include="..\..\Gameplay\ECS\DataStoreArrayIterator.h" />
    <None Include="..\..\..\SDK\imgui\misc\debuggers\imgui.natstepfilter" />
  </ItemGroup>
  <ItemGroup>
    <Natvis Include="..\..\..\SDK\imgui\misc\debuggers\imgui.natvis" />
  </ItemGroup>
</Project>